// !$*UTF8*$!
{
	archiveVersion = 1;
	classes = {
	};
	objectVersion = 55;
	objects = {

/* Begin PBXBuildFile section */
		FF025559297A497E000CA0E9 /* AEFeediOS.framework in Frameworks */ = {isa = PBXBuildFile; fileRef = FF025551297A497D000CA0E9 /* AEFeediOS.framework */; };
		FF025567297A4C34000CA0E9 /* ListViewControllerTests.swift in Sources */ = {isa = PBXBuildFile; fileRef = FF025566297A4C34000CA0E9 /* ListViewControllerTests.swift */; };
		FF025569297A4F7E000CA0E9 /* AEFeed.framework in Frameworks */ = {isa = PBXBuildFile; fileRef = FFB4D3F3290D87CF00FC6F96 /* AEFeed.framework */; platformFilter = ios; };
		FF02556A297A4F7E000CA0E9 /* AEFeed.framework in Embed Frameworks */ = {isa = PBXBuildFile; fileRef = FFB4D3F3290D87CF00FC6F96 /* AEFeed.framework */; platformFilter = ios; settings = {ATTRIBUTES = (CodeSignOnCopy, RemoveHeadersOnCopy, ); }; };
		FF02556E297A50BE000CA0E9 /* XCTestCase+MemoryLeakTracking.swift in Sources */ = {isa = PBXBuildFile; fileRef = FF78D4F1290E9B8400C4E37D /* XCTestCase+MemoryLeakTracking.swift */; };
		FF183331297BACED0068E048 /* FeedRefreshViewController.swift in Sources */ = {isa = PBXBuildFile; fileRef = FF183330297BACED0068E048 /* FeedRefreshViewController.swift */; };
		FF183333297BB2D10068E048 /* FeedImageCellController.swift in Sources */ = {isa = PBXBuildFile; fileRef = FF183332297BB2D10068E048 /* FeedImageCellController.swift */; };
		FF183336297BB7290068E048 /* FeedUIComposer.swift in Sources */ = {isa = PBXBuildFile; fileRef = FF183335297BB7290068E048 /* FeedUIComposer.swift */; };
		FF183341297D5C4F0068E048 /* UIStackView+Extension.swift in Sources */ = {isa = PBXBuildFile; fileRef = FF183340297D5C4F0068E048 /* UIStackView+Extension.swift */; };
		FF183343297D5C640068E048 /* UIFont+Extension.swift in Sources */ = {isa = PBXBuildFile; fileRef = FF183342297D5C640068E048 /* UIFont+Extension.swift */; };
		FF183345297D5D000068E048 /* UITableView+Extension.swift in Sources */ = {isa = PBXBuildFile; fileRef = FF183344297D5D000068E048 /* UITableView+Extension.swift */; };
		FF18334A297D9F5D0068E048 /* ListViewControllerTests+Localization.swift in Sources */ = {isa = PBXBuildFile; fileRef = FF183349297D9F5D0068E048 /* ListViewControllerTests+Localization.swift */; };
		FF183353297E6F6A0068E048 /* MainQueueDispatchDecorator.swift in Sources */ = {isa = PBXBuildFile; fileRef = FF183352297E6F6A0068E048 /* MainQueueDispatchDecorator.swift */; };
		FF183355297E6FB20068E048 /* WeakRefVirtualProxy.swift in Sources */ = {isa = PBXBuildFile; fileRef = FF183354297E6FB20068E048 /* WeakRefVirtualProxy.swift */; };
		FF18335F297F8B130068E048 /* ErrorView.swift in Sources */ = {isa = PBXBuildFile; fileRef = FF18335E297F8B130068E048 /* ErrorView.swift */; };
		FF183362297F93A40068E048 /* UIRefreshControl+Helpers.swift in Sources */ = {isa = PBXBuildFile; fileRef = FF183361297F93A40068E048 /* UIRefreshControl+Helpers.swift */; };
		FF183365297F94C40068E048 /* FeedPresenterTests.swift in Sources */ = {isa = PBXBuildFile; fileRef = FF183364297F94C30068E048 /* FeedPresenterTests.swift */; };
		FF18337429842EF20068E048 /* FeedPresenter.swift in Sources */ = {isa = PBXBuildFile; fileRef = FF18337329842EF20068E048 /* FeedPresenter.swift */; };
		FF1833752984305A0068E048 /* Feed.strings in Resources */ = {isa = PBXBuildFile; fileRef = FF18336A297F9F020068E048 /* Feed.strings */; };
		FF1833772984328F0068E048 /* FeedViewModel.swift in Sources */ = {isa = PBXBuildFile; fileRef = FF1833762984328F0068E048 /* FeedViewModel.swift */; };
		FF183379298432AB0068E048 /* FeedLoadingViewModel.swift in Sources */ = {isa = PBXBuildFile; fileRef = FF183378298432AB0068E048 /* FeedLoadingViewModel.swift */; };
		FF18337B298432BF0068E048 /* FeedErrorViewModel.swift in Sources */ = {isa = PBXBuildFile; fileRef = FF18337A298432BF0068E048 /* FeedErrorViewModel.swift */; };
		FF18337C2984335E0068E048 /* FeedLocalizationTests.swift in Sources */ = {isa = PBXBuildFile; fileRef = FF183350297DA1AC0068E048 /* FeedLocalizationTests.swift */; };
		FF18337E298434CA0068E048 /* FeedImagePresenterTests.swift in Sources */ = {isa = PBXBuildFile; fileRef = FF18337D298434CA0068E048 /* FeedImagePresenterTests.swift */; };
		FF1833822984411E0068E048 /* FeedImagePresenter.swift in Sources */ = {isa = PBXBuildFile; fileRef = FF1833812984411E0068E048 /* FeedImagePresenter.swift */; };
		FF183384298441360068E048 /* FeedImageViewModel.swift in Sources */ = {isa = PBXBuildFile; fileRef = FF183383298441360068E048 /* FeedImageViewModel.swift */; };
		FF183385298442C40068E048 /* FeedImageDataLoader.swift in Sources */ = {isa = PBXBuildFile; fileRef = FF18332E297BAA610068E048 /* FeedImageDataLoader.swift */; };
		FF1EB9AF297420D200CA9321 /* ValidateFeedCacheUseCaseTests.swift in Sources */ = {isa = PBXBuildFile; fileRef = FF1EB9AE297420D200CA9321 /* ValidateFeedCacheUseCaseTests.swift */; };
		FF1EB9B1297424BD00CA9321 /* FeedCacheTestHelpers.swift in Sources */ = {isa = PBXBuildFile; fileRef = FF1EB9B0297424BD00CA9321 /* FeedCacheTestHelpers.swift */; };
		FF1EB9B3297507F200CA9321 /* FeedCachePolicy.swift in Sources */ = {isa = PBXBuildFile; fileRef = FF1EB9B2297507F200CA9321 /* FeedCachePolicy.swift */; };
		FF2A0652290E35550085559D /* FeedLoader.swift in Sources */ = {isa = PBXBuildFile; fileRef = FF2A0651290E35550085559D /* FeedLoader.swift */; };
		FF2A0655290E383B0085559D /* LoadFeedFromRemoteUseCaseTests.swift in Sources */ = {isa = PBXBuildFile; fileRef = FF2A0654290E383B0085559D /* LoadFeedFromRemoteUseCaseTests.swift */; };
		FF2AB6AD2976D57E00A659BE /* FeedStoreSpecs.swift in Sources */ = {isa = PBXBuildFile; fileRef = FF2AB6AC2976D57E00A659BE /* FeedStoreSpecs.swift */; };
		FF2AB6AF2976D6D600A659BE /* XCTestCase+FeedStoreSpecs.swift in Sources */ = {isa = PBXBuildFile; fileRef = FF2AB6AE2976D6D600A659BE /* XCTestCase+FeedStoreSpecs.swift */; };
		FF2AB6BE29785C7000A659BE /* ManagedCache.swift in Sources */ = {isa = PBXBuildFile; fileRef = FF2AB6BD29785C7000A659BE /* ManagedCache.swift */; };
		FF2AB6C029785C8100A659BE /* ManagedFeedImage.swift in Sources */ = {isa = PBXBuildFile; fileRef = FF2AB6BF29785C8100A659BE /* ManagedFeedImage.swift */; };
		FF2AB6C829785D7A00A659BE /* AEFeedCacheIntegrationTests.swift in Sources */ = {isa = PBXBuildFile; fileRef = FF2AB6C729785D7A00A659BE /* AEFeedCacheIntegrationTests.swift */; };
		FF2AB6C929785D7A00A659BE /* AEFeed.framework in Frameworks */ = {isa = PBXBuildFile; fileRef = FFB4D3F3290D87CF00FC6F96 /* AEFeed.framework */; };
		FF2AB6CF29785F1100A659BE /* XCTestCase+MemoryLeakTracking.swift in Sources */ = {isa = PBXBuildFile; fileRef = FF78D4F1290E9B8400C4E37D /* XCTestCase+MemoryLeakTracking.swift */; };
		FF322A3C29741F22002B6EC1 /* CacheFeedUseCaseTests.swift in Sources */ = {isa = PBXBuildFile; fileRef = FFAE5FA32910D63400D78CF8 /* CacheFeedUseCaseTests.swift */; };
		FF417AFA2978607900C26F3A /* FeedCacheTestHelpers.swift in Sources */ = {isa = PBXBuildFile; fileRef = FF1EB9B0297424BD00CA9321 /* FeedCacheTestHelpers.swift */; };
		FF4FCE2C2914FC6A004DA00E /* LocalFeedLoader.swift in Sources */ = {isa = PBXBuildFile; fileRef = FF4FCE2B2914FC6A004DA00E /* LocalFeedLoader.swift */; };
		FF4FCE2E2914FD20004DA00E /* FeedStore.swift in Sources */ = {isa = PBXBuildFile; fileRef = FF4FCE2D2914FD20004DA00E /* FeedStore.swift */; };
		FF4FCE3029156FB7004DA00E /* LocalFeedImage.swift in Sources */ = {isa = PBXBuildFile; fileRef = FF4FCE2F29156FB7004DA00E /* LocalFeedImage.swift */; };
		FF4FCE3229156FC5004DA00E /* RemoteFeedItem.swift in Sources */ = {isa = PBXBuildFile; fileRef = FF4FCE3129156FC5004DA00E /* RemoteFeedItem.swift */; };
		FF4FCE3429157735004DA00E /* LoadFeedFromCacheUseCaseTests.swift in Sources */ = {isa = PBXBuildFile; fileRef = FF4FCE3329157735004DA00E /* LoadFeedFromCacheUseCaseTests.swift */; };
		FF4FCE3729161B97004DA00E /* FeedStoreSpy.swift in Sources */ = {isa = PBXBuildFile; fileRef = FF4FCE3629161B97004DA00E /* FeedStoreSpy.swift */; };
		FF62C4C0290ED5E700AD1D28 /* Helpers.swift in Sources */ = {isa = PBXBuildFile; fileRef = FF62C4BF290ED5E700AD1D28 /* Helpers.swift */; };
		FF78D4EB290E40B600C4E37D /* RemoteFeedLoader.swift in Sources */ = {isa = PBXBuildFile; fileRef = FF78D4EA290E40B600C4E37D /* RemoteFeedLoader.swift */; };
		FF78D4ED290E8E6B00C4E37D /* FeedItemsMapper.swift in Sources */ = {isa = PBXBuildFile; fileRef = FF78D4EC290E8E6B00C4E37D /* FeedItemsMapper.swift */; };
		FF78D4EF290E99A200C4E37D /* HTTPClient.swift in Sources */ = {isa = PBXBuildFile; fileRef = FF78D4EE290E99A200C4E37D /* HTTPClient.swift */; };
		FF78D4F3290E9DD400C4E37D /* XCTestCase+MemoryLeakTracking.swift in Sources */ = {isa = PBXBuildFile; fileRef = FF78D4F1290E9B8400C4E37D /* XCTestCase+MemoryLeakTracking.swift */; };
		FF78D4F6290ED26300C4E37D /* URLSessionHTTPClientTests.swift in Sources */ = {isa = PBXBuildFile; fileRef = FF78D4F5290ED26300C4E37D /* URLSessionHTTPClientTests.swift */; };
		FFAE5F90291017FC00D78CF8 /* URLSessionHTTPClient.swift in Sources */ = {isa = PBXBuildFile; fileRef = FFAE5F8F291017FC00D78CF8 /* URLSessionHTTPClient.swift */; };
		FFAE5F982910200100D78CF8 /* AEFeedAPIEndToEndTest.swift in Sources */ = {isa = PBXBuildFile; fileRef = FFAE5F972910200100D78CF8 /* AEFeedAPIEndToEndTest.swift */; };
		FFAE5F992910200100D78CF8 /* AEFeed.framework in Frameworks */ = {isa = PBXBuildFile; fileRef = FFB4D3F3290D87CF00FC6F96 /* AEFeed.framework */; };
		FFAE5FA12910325100D78CF8 /* XCTestCase+MemoryLeakTracking.swift in Sources */ = {isa = PBXBuildFile; fileRef = FF78D4F1290E9B8400C4E37D /* XCTestCase+MemoryLeakTracking.swift */; };
		FFB4D3FC290D87CF00FC6F96 /* AEFeed.framework in Frameworks */ = {isa = PBXBuildFile; fileRef = FFB4D3F3290D87CF00FC6F96 /* AEFeed.framework */; };
		FFB4D40C290D87DC00FC6F96 /* FeedImage.swift in Sources */ = {isa = PBXBuildFile; fileRef = FFB4D40B290D87DC00FC6F96 /* FeedImage.swift */; };
		FFBF5DB5297AEAA900C66EB4 /* ListViewController.swift in Sources */ = {isa = PBXBuildFile; fileRef = FFBF5DB4297AEAA900C66EB4 /* ListViewController.swift */; };
		FFBF5DB7297AEE5600C66EB4 /* FeedImageCell.swift in Sources */ = {isa = PBXBuildFile; fileRef = FFBF5DB6297AEE5600C66EB4 /* FeedImageCell.swift */; };
		FFBF5DB9297AFEA200C66EB4 /* UIView+Shimmering.swift in Sources */ = {isa = PBXBuildFile; fileRef = FFBF5DB8297AFEA200C66EB4 /* UIView+Shimmering.swift */; };
		FFD2945C2984D8EF0047E30D /* RemoteFeedImageDataLoaderTests.swift in Sources */ = {isa = PBXBuildFile; fileRef = FFD2945B2984D8EF0047E30D /* RemoteFeedImageDataLoaderTests.swift */; };
		FFD2945E2984FFCE0047E30D /* HTTPClientSpy.swift in Sources */ = {isa = PBXBuildFile; fileRef = FFD2945D2984FFCE0047E30D /* HTTPClientSpy.swift */; };
		FFD294612985011A0047E30D /* RemoteFeedImageDataLoader.swift in Sources */ = {isa = PBXBuildFile; fileRef = FFD294602985011A0047E30D /* RemoteFeedImageDataLoader.swift */; };
		FFE3D7352976CC190046B611 /* CoreDataFeedStoreTests.swift in Sources */ = {isa = PBXBuildFile; fileRef = FFE3D7342976CC190046B611 /* CoreDataFeedStoreTests.swift */; };
		FFE3D7372976CC810046B611 /* CoreDataFeedStore.swift in Sources */ = {isa = PBXBuildFile; fileRef = FFE3D7362976CC810046B611 /* CoreDataFeedStore.swift */; };
		FFE3D73A2976CF210046B611 /* FeedStore.xcdatamodeld in Sources */ = {isa = PBXBuildFile; fileRef = FFE3D7382976CF210046B611 /* FeedStore.xcdatamodeld */; };
/* End PBXBuildFile section */

/* Begin PBXContainerItemProxy section */
		FF02555A297A497E000CA0E9 /* PBXContainerItemProxy */ = {
			isa = PBXContainerItemProxy;
			containerPortal = FFB4D3EA290D87CF00FC6F96 /* Project object */;
			proxyType = 1;
			remoteGlobalIDString = FF025550297A497D000CA0E9;
			remoteInfo = AEFeediOS;
		};
		FF02556B297A4F7E000CA0E9 /* PBXContainerItemProxy */ = {
			isa = PBXContainerItemProxy;
			containerPortal = FFB4D3EA290D87CF00FC6F96 /* Project object */;
			proxyType = 1;
			remoteGlobalIDString = FFB4D3F2290D87CF00FC6F96;
			remoteInfo = AEFeed;
		};
		FF2AB6CA29785D7A00A659BE /* PBXContainerItemProxy */ = {
			isa = PBXContainerItemProxy;
			containerPortal = FFB4D3EA290D87CF00FC6F96 /* Project object */;
			proxyType = 1;
			remoteGlobalIDString = FFB4D3F2290D87CF00FC6F96;
			remoteInfo = AEFeed;
		};
		FFAE5F9A2910200100D78CF8 /* PBXContainerItemProxy */ = {
			isa = PBXContainerItemProxy;
			containerPortal = FFB4D3EA290D87CF00FC6F96 /* Project object */;
			proxyType = 1;
			remoteGlobalIDString = FFB4D3F2290D87CF00FC6F96;
			remoteInfo = AEFeed;
		};
		FFB4D3FD290D87CF00FC6F96 /* PBXContainerItemProxy */ = {
			isa = PBXContainerItemProxy;
			containerPortal = FFB4D3EA290D87CF00FC6F96 /* Project object */;
			proxyType = 1;
			remoteGlobalIDString = FFB4D3F2290D87CF00FC6F96;
			remoteInfo = AEFeed;
		};
/* End PBXContainerItemProxy section */

/* Begin PBXCopyFilesBuildPhase section */
		FF02556D297A4F7E000CA0E9 /* Embed Frameworks */ = {
			isa = PBXCopyFilesBuildPhase;
			buildActionMask = 2147483647;
			dstPath = "";
			dstSubfolderSpec = 10;
			files = (
				FF02556A297A4F7E000CA0E9 /* AEFeed.framework in Embed Frameworks */,
			);
			name = "Embed Frameworks";
			runOnlyForDeploymentPostprocessing = 0;
		};
/* End PBXCopyFilesBuildPhase section */

/* Begin PBXFileReference section */
		FF025551297A497D000CA0E9 /* AEFeediOS.framework */ = {isa = PBXFileReference; explicitFileType = wrapper.framework; includeInIndex = 0; path = AEFeediOS.framework; sourceTree = BUILT_PRODUCTS_DIR; };
		FF025558297A497D000CA0E9 /* AEFeediOSTests.xctest */ = {isa = PBXFileReference; explicitFileType = wrapper.cfbundle; includeInIndex = 0; path = AEFeediOSTests.xctest; sourceTree = BUILT_PRODUCTS_DIR; };
		FF025566297A4C34000CA0E9 /* ListViewControllerTests.swift */ = {isa = PBXFileReference; lastKnownFileType = sourcecode.swift; path = ListViewControllerTests.swift; sourceTree = "<group>"; };
		FF18332E297BAA610068E048 /* FeedImageDataLoader.swift */ = {isa = PBXFileReference; lastKnownFileType = sourcecode.swift; path = FeedImageDataLoader.swift; sourceTree = "<group>"; };
		FF183330297BACED0068E048 /* FeedRefreshViewController.swift */ = {isa = PBXFileReference; lastKnownFileType = sourcecode.swift; path = FeedRefreshViewController.swift; sourceTree = "<group>"; };
		FF183332297BB2D10068E048 /* FeedImageCellController.swift */ = {isa = PBXFileReference; lastKnownFileType = sourcecode.swift; path = FeedImageCellController.swift; sourceTree = "<group>"; };
		FF183335297BB7290068E048 /* FeedUIComposer.swift */ = {isa = PBXFileReference; lastKnownFileType = sourcecode.swift; path = FeedUIComposer.swift; sourceTree = "<group>"; };
		FF183340297D5C4F0068E048 /* UIStackView+Extension.swift */ = {isa = PBXFileReference; lastKnownFileType = sourcecode.swift; path = "UIStackView+Extension.swift"; sourceTree = "<group>"; };
		FF183342297D5C640068E048 /* UIFont+Extension.swift */ = {isa = PBXFileReference; lastKnownFileType = sourcecode.swift; path = "UIFont+Extension.swift"; sourceTree = "<group>"; };
		FF183344297D5D000068E048 /* UITableView+Extension.swift */ = {isa = PBXFileReference; lastKnownFileType = sourcecode.swift; path = "UITableView+Extension.swift"; sourceTree = "<group>"; };
		FF183349297D9F5D0068E048 /* ListViewControllerTests+Localization.swift */ = {isa = PBXFileReference; lastKnownFileType = sourcecode.swift; path = "ListViewControllerTests+Localization.swift"; sourceTree = "<group>"; };
		FF183350297DA1AC0068E048 /* FeedLocalizationTests.swift */ = {isa = PBXFileReference; lastKnownFileType = sourcecode.swift; path = FeedLocalizationTests.swift; sourceTree = "<group>"; };
		FF183352297E6F6A0068E048 /* MainQueueDispatchDecorator.swift */ = {isa = PBXFileReference; lastKnownFileType = sourcecode.swift; path = MainQueueDispatchDecorator.swift; sourceTree = "<group>"; };
		FF183354297E6FB20068E048 /* WeakRefVirtualProxy.swift */ = {isa = PBXFileReference; lastKnownFileType = sourcecode.swift; path = WeakRefVirtualProxy.swift; sourceTree = "<group>"; };
		FF18335E297F8B130068E048 /* ErrorView.swift */ = {isa = PBXFileReference; lastKnownFileType = sourcecode.swift; path = ErrorView.swift; sourceTree = "<group>"; };
		FF183361297F93A40068E048 /* UIRefreshControl+Helpers.swift */ = {isa = PBXFileReference; lastKnownFileType = sourcecode.swift; path = "UIRefreshControl+Helpers.swift"; sourceTree = "<group>"; };
		FF183364297F94C30068E048 /* FeedPresenterTests.swift */ = {isa = PBXFileReference; lastKnownFileType = sourcecode.swift; path = FeedPresenterTests.swift; sourceTree = "<group>"; };
		FF183369297F9F020068E048 /* en */ = {isa = PBXFileReference; lastKnownFileType = text.plist.strings; name = en; path = en.lproj/Feed.strings; sourceTree = "<group>"; };
		FF18336B297F9F070068E048 /* de */ = {isa = PBXFileReference; lastKnownFileType = text.plist.strings; name = de; path = de.lproj/Feed.strings; sourceTree = "<group>"; };
		FF18337329842EF20068E048 /* FeedPresenter.swift */ = {isa = PBXFileReference; lastKnownFileType = sourcecode.swift; path = FeedPresenter.swift; sourceTree = "<group>"; };
		FF1833762984328F0068E048 /* FeedViewModel.swift */ = {isa = PBXFileReference; lastKnownFileType = sourcecode.swift; path = FeedViewModel.swift; sourceTree = "<group>"; };
		FF183378298432AB0068E048 /* FeedLoadingViewModel.swift */ = {isa = PBXFileReference; lastKnownFileType = sourcecode.swift; path = FeedLoadingViewModel.swift; sourceTree = "<group>"; };
		FF18337A298432BF0068E048 /* FeedErrorViewModel.swift */ = {isa = PBXFileReference; lastKnownFileType = sourcecode.swift; path = FeedErrorViewModel.swift; sourceTree = "<group>"; };
		FF18337D298434CA0068E048 /* FeedImagePresenterTests.swift */ = {isa = PBXFileReference; lastKnownFileType = sourcecode.swift; path = FeedImagePresenterTests.swift; sourceTree = "<group>"; };
		FF1833812984411E0068E048 /* FeedImagePresenter.swift */ = {isa = PBXFileReference; lastKnownFileType = sourcecode.swift; path = FeedImagePresenter.swift; sourceTree = "<group>"; };
		FF183383298441360068E048 /* FeedImageViewModel.swift */ = {isa = PBXFileReference; lastKnownFileType = sourcecode.swift; path = FeedImageViewModel.swift; sourceTree = "<group>"; };
		FF1EB9AE297420D200CA9321 /* ValidateFeedCacheUseCaseTests.swift */ = {isa = PBXFileReference; lastKnownFileType = sourcecode.swift; path = ValidateFeedCacheUseCaseTests.swift; sourceTree = "<group>"; };
		FF1EB9B0297424BD00CA9321 /* FeedCacheTestHelpers.swift */ = {isa = PBXFileReference; lastKnownFileType = sourcecode.swift; path = FeedCacheTestHelpers.swift; sourceTree = "<group>"; };
		FF1EB9B2297507F200CA9321 /* FeedCachePolicy.swift */ = {isa = PBXFileReference; lastKnownFileType = sourcecode.swift; path = FeedCachePolicy.swift; sourceTree = "<group>"; };
		FF2A0651290E35550085559D /* FeedLoader.swift */ = {isa = PBXFileReference; lastKnownFileType = sourcecode.swift; path = FeedLoader.swift; sourceTree = "<group>"; };
		FF2A0654290E383B0085559D /* LoadFeedFromRemoteUseCaseTests.swift */ = {isa = PBXFileReference; lastKnownFileType = sourcecode.swift; path = LoadFeedFromRemoteUseCaseTests.swift; sourceTree = "<group>"; };
		FF2AB6AC2976D57E00A659BE /* FeedStoreSpecs.swift */ = {isa = PBXFileReference; lastKnownFileType = sourcecode.swift; path = FeedStoreSpecs.swift; sourceTree = "<group>"; };
		FF2AB6AE2976D6D600A659BE /* XCTestCase+FeedStoreSpecs.swift */ = {isa = PBXFileReference; lastKnownFileType = sourcecode.swift; path = "XCTestCase+FeedStoreSpecs.swift"; sourceTree = "<group>"; };
		FF2AB6BD29785C7000A659BE /* ManagedCache.swift */ = {isa = PBXFileReference; lastKnownFileType = sourcecode.swift; path = ManagedCache.swift; sourceTree = "<group>"; };
		FF2AB6BF29785C8100A659BE /* ManagedFeedImage.swift */ = {isa = PBXFileReference; lastKnownFileType = sourcecode.swift; path = ManagedFeedImage.swift; sourceTree = "<group>"; };
		FF2AB6C529785D7A00A659BE /* AEFeedCacheIntegrationTests.xctest */ = {isa = PBXFileReference; explicitFileType = wrapper.cfbundle; includeInIndex = 0; path = AEFeedCacheIntegrationTests.xctest; sourceTree = BUILT_PRODUCTS_DIR; };
		FF2AB6C729785D7A00A659BE /* AEFeedCacheIntegrationTests.swift */ = {isa = PBXFileReference; lastKnownFileType = sourcecode.swift; path = AEFeedCacheIntegrationTests.swift; sourceTree = "<group>"; };
		FF4FCE2B2914FC6A004DA00E /* LocalFeedLoader.swift */ = {isa = PBXFileReference; lastKnownFileType = sourcecode.swift; path = LocalFeedLoader.swift; sourceTree = "<group>"; };
		FF4FCE2D2914FD20004DA00E /* FeedStore.swift */ = {isa = PBXFileReference; lastKnownFileType = sourcecode.swift; path = FeedStore.swift; sourceTree = "<group>"; };
		FF4FCE2F29156FB7004DA00E /* LocalFeedImage.swift */ = {isa = PBXFileReference; lastKnownFileType = sourcecode.swift; path = LocalFeedImage.swift; sourceTree = "<group>"; };
		FF4FCE3129156FC5004DA00E /* RemoteFeedItem.swift */ = {isa = PBXFileReference; lastKnownFileType = sourcecode.swift; name = RemoteFeedItem.swift; path = "AEFeed/Feed Cache/RemoteFeedItem.swift"; sourceTree = SOURCE_ROOT; };
		FF4FCE3329157735004DA00E /* LoadFeedFromCacheUseCaseTests.swift */ = {isa = PBXFileReference; lastKnownFileType = sourcecode.swift; path = LoadFeedFromCacheUseCaseTests.swift; sourceTree = "<group>"; };
		FF4FCE3629161B97004DA00E /* FeedStoreSpy.swift */ = {isa = PBXFileReference; lastKnownFileType = sourcecode.swift; path = FeedStoreSpy.swift; sourceTree = "<group>"; };
		FF62C4BF290ED5E700AD1D28 /* Helpers.swift */ = {isa = PBXFileReference; lastKnownFileType = sourcecode.swift; path = Helpers.swift; sourceTree = "<group>"; };
		FF78D4EA290E40B600C4E37D /* RemoteFeedLoader.swift */ = {isa = PBXFileReference; lastKnownFileType = sourcecode.swift; path = RemoteFeedLoader.swift; sourceTree = "<group>"; };
		FF78D4EC290E8E6B00C4E37D /* FeedItemsMapper.swift */ = {isa = PBXFileReference; lastKnownFileType = sourcecode.swift; path = FeedItemsMapper.swift; sourceTree = "<group>"; };
		FF78D4EE290E99A200C4E37D /* HTTPClient.swift */ = {isa = PBXFileReference; lastKnownFileType = sourcecode.swift; path = HTTPClient.swift; sourceTree = "<group>"; };
		FF78D4F1290E9B8400C4E37D /* XCTestCase+MemoryLeakTracking.swift */ = {isa = PBXFileReference; lastKnownFileType = sourcecode.swift; path = "XCTestCase+MemoryLeakTracking.swift"; sourceTree = "<group>"; };
		FF78D4F5290ED26300C4E37D /* URLSessionHTTPClientTests.swift */ = {isa = PBXFileReference; lastKnownFileType = sourcecode.swift; path = URLSessionHTTPClientTests.swift; sourceTree = "<group>"; };
		FFAE5F8F291017FC00D78CF8 /* URLSessionHTTPClient.swift */ = {isa = PBXFileReference; lastKnownFileType = sourcecode.swift; path = URLSessionHTTPClient.swift; sourceTree = "<group>"; };
		FFAE5F952910200100D78CF8 /* AEFeedAPIEndToEndTest.xctest */ = {isa = PBXFileReference; explicitFileType = wrapper.cfbundle; includeInIndex = 0; path = AEFeedAPIEndToEndTest.xctest; sourceTree = BUILT_PRODUCTS_DIR; };
		FFAE5F972910200100D78CF8 /* AEFeedAPIEndToEndTest.swift */ = {isa = PBXFileReference; lastKnownFileType = sourcecode.swift; path = AEFeedAPIEndToEndTest.swift; sourceTree = "<group>"; };
		FFAE5FA32910D63400D78CF8 /* CacheFeedUseCaseTests.swift */ = {isa = PBXFileReference; lastKnownFileType = sourcecode.swift; path = CacheFeedUseCaseTests.swift; sourceTree = "<group>"; };
		FFB4D3F3290D87CF00FC6F96 /* AEFeed.framework */ = {isa = PBXFileReference; explicitFileType = wrapper.framework; includeInIndex = 0; path = AEFeed.framework; sourceTree = BUILT_PRODUCTS_DIR; };
		FFB4D3FB290D87CF00FC6F96 /* AEFeedTests.xctest */ = {isa = PBXFileReference; explicitFileType = wrapper.cfbundle; includeInIndex = 0; path = AEFeedTests.xctest; sourceTree = BUILT_PRODUCTS_DIR; };
		FFB4D40B290D87DC00FC6F96 /* FeedImage.swift */ = {isa = PBXFileReference; lastKnownFileType = sourcecode.swift; path = FeedImage.swift; sourceTree = "<group>"; };
		FFBF5DB4297AEAA900C66EB4 /* ListViewController.swift */ = {isa = PBXFileReference; lastKnownFileType = sourcecode.swift; path = ListViewController.swift; sourceTree = "<group>"; };
		FFBF5DB6297AEE5600C66EB4 /* FeedImageCell.swift */ = {isa = PBXFileReference; lastKnownFileType = sourcecode.swift; path = FeedImageCell.swift; sourceTree = "<group>"; };
		FFBF5DB8297AFEA200C66EB4 /* UIView+Shimmering.swift */ = {isa = PBXFileReference; lastKnownFileType = sourcecode.swift; path = "UIView+Shimmering.swift"; sourceTree = "<group>"; };
		FFD2945B2984D8EF0047E30D /* RemoteFeedImageDataLoaderTests.swift */ = {isa = PBXFileReference; lastKnownFileType = sourcecode.swift; path = RemoteFeedImageDataLoaderTests.swift; sourceTree = "<group>"; };
		FFD2945D2984FFCE0047E30D /* HTTPClientSpy.swift */ = {isa = PBXFileReference; lastKnownFileType = sourcecode.swift; path = HTTPClientSpy.swift; sourceTree = "<group>"; };
		FFD294602985011A0047E30D /* RemoteFeedImageDataLoader.swift */ = {isa = PBXFileReference; lastKnownFileType = sourcecode.swift; path = RemoteFeedImageDataLoader.swift; sourceTree = "<group>"; };
		FFE3D7342976CC190046B611 /* CoreDataFeedStoreTests.swift */ = {isa = PBXFileReference; lastKnownFileType = sourcecode.swift; path = CoreDataFeedStoreTests.swift; sourceTree = "<group>"; };
		FFE3D7362976CC810046B611 /* CoreDataFeedStore.swift */ = {isa = PBXFileReference; lastKnownFileType = sourcecode.swift; path = CoreDataFeedStore.swift; sourceTree = "<group>"; };
		FFE3D7392976CF210046B611 /* FeedStore.xcdatamodel */ = {isa = PBXFileReference; lastKnownFileType = wrapper.xcdatamodel; path = FeedStore.xcdatamodel; sourceTree = "<group>"; };
/* End PBXFileReference section */

/* Begin PBXFrameworksBuildPhase section */
		FF02554E297A497D000CA0E9 /* Frameworks */ = {
			isa = PBXFrameworksBuildPhase;
			buildActionMask = 2147483647;
			files = (
				FF025569297A4F7E000CA0E9 /* AEFeed.framework in Frameworks */,
			);
			runOnlyForDeploymentPostprocessing = 0;
		};
		FF025555297A497D000CA0E9 /* Frameworks */ = {
			isa = PBXFrameworksBuildPhase;
			buildActionMask = 2147483647;
			files = (
				FF025559297A497E000CA0E9 /* AEFeediOS.framework in Frameworks */,
			);
			runOnlyForDeploymentPostprocessing = 0;
		};
		FF2AB6C229785D7A00A659BE /* Frameworks */ = {
			isa = PBXFrameworksBuildPhase;
			buildActionMask = 2147483647;
			files = (
				FF2AB6C929785D7A00A659BE /* AEFeed.framework in Frameworks */,
			);
			runOnlyForDeploymentPostprocessing = 0;
		};
		FFAE5F922910200100D78CF8 /* Frameworks */ = {
			isa = PBXFrameworksBuildPhase;
			buildActionMask = 2147483647;
			files = (
				FFAE5F992910200100D78CF8 /* AEFeed.framework in Frameworks */,
			);
			runOnlyForDeploymentPostprocessing = 0;
		};
		FFB4D3F0290D87CF00FC6F96 /* Frameworks */ = {
			isa = PBXFrameworksBuildPhase;
			buildActionMask = 2147483647;
			files = (
			);
			runOnlyForDeploymentPostprocessing = 0;
		};
		FFB4D3F8290D87CF00FC6F96 /* Frameworks */ = {
			isa = PBXFrameworksBuildPhase;
			buildActionMask = 2147483647;
			files = (
				FFB4D3FC290D87CF00FC6F96 /* AEFeed.framework in Frameworks */,
			);
			runOnlyForDeploymentPostprocessing = 0;
		};
/* End PBXFrameworksBuildPhase section */

/* Begin PBXGroup section */
		FF025552297A497D000CA0E9 /* AEFeediOS */ = {
			isa = PBXGroup;
			children = (
				FF18332D297BAA470068E048 /* Feed Image Loader */,
				FF18332C297BAA360068E048 /* Feed UI */,
			);
			path = AEFeediOS;
			sourceTree = "<group>";
		};
		FF02555C297A497E000CA0E9 /* AEFeediOSTests */ = {
			isa = PBXGroup;
			children = (
				FF183348297D9F430068E048 /* Helpers */,
				FF025566297A4C34000CA0E9 /* ListViewControllerTests.swift */,
			);
			path = AEFeediOSTests;
			sourceTree = "<group>";
		};
		FF025568297A4F7E000CA0E9 /* Frameworks */ = {
			isa = PBXGroup;
			children = (
			);
			name = Frameworks;
			sourceTree = "<group>";
		};
		FF18332A297BA9EE0068E048 /* Views */ = {
			isa = PBXGroup;
			children = (
				FF183360297F93900068E048 /* Helpers */,
				FFBF5DB6297AEE5600C66EB4 /* FeedImageCell.swift */,
				FF18335E297F8B130068E048 /* ErrorView.swift */,
			);
			name = Views;
			sourceTree = "<group>";
		};
		FF18332B297BA9FB0068E048 /* Controllers */ = {
			isa = PBXGroup;
			children = (
				FFBF5DB4297AEAA900C66EB4 /* ListViewController.swift */,
				FF183330297BACED0068E048 /* FeedRefreshViewController.swift */,
				FF183332297BB2D10068E048 /* FeedImageCellController.swift */,
			);
			name = Controllers;
			sourceTree = "<group>";
		};
		FF18332C297BAA360068E048 /* Feed UI */ = {
			isa = PBXGroup;
			children = (
				FF183334297BB71A0068E048 /* Composers */,
				FF18332B297BA9FB0068E048 /* Controllers */,
				FF18332A297BA9EE0068E048 /* Views */,
			);
			name = "Feed UI";
			sourceTree = "<group>";
		};
		FF18332D297BAA470068E048 /* Feed Image Loader */ = {
			isa = PBXGroup;
			children = (
			);
			name = "Feed Image Loader";
			sourceTree = "<group>";
		};
		FF183334297BB71A0068E048 /* Composers */ = {
			isa = PBXGroup;
			children = (
				FF183335297BB7290068E048 /* FeedUIComposer.swift */,
				FF183352297E6F6A0068E048 /* MainQueueDispatchDecorator.swift */,
				FF183354297E6FB20068E048 /* WeakRefVirtualProxy.swift */,
			);
			name = Composers;
			sourceTree = "<group>";
		};
		FF183348297D9F430068E048 /* Helpers */ = {
			isa = PBXGroup;
			children = (
				FF183349297D9F5D0068E048 /* ListViewControllerTests+Localization.swift */,
			);
			path = Helpers;
			sourceTree = "<group>";
		};
		FF183360297F93900068E048 /* Helpers */ = {
			isa = PBXGroup;
			children = (
				FFBF5DB8297AFEA200C66EB4 /* UIView+Shimmering.swift */,
				FF183361297F93A40068E048 /* UIRefreshControl+Helpers.swift */,
				FF183340297D5C4F0068E048 /* UIStackView+Extension.swift */,
				FF183342297D5C640068E048 /* UIFont+Extension.swift */,
				FF183344297D5D000068E048 /* UITableView+Extension.swift */,
			);
			name = Helpers;
			sourceTree = "<group>";
		};
		FF183363297F94A00068E048 /* Feed Presentation */ = {
			isa = PBXGroup;
			children = (
				FF183364297F94C30068E048 /* FeedPresenterTests.swift */,
				FF183350297DA1AC0068E048 /* FeedLocalizationTests.swift */,
				FF18337D298434CA0068E048 /* FeedImagePresenterTests.swift */,
			);
			path = "Feed Presentation";
			sourceTree = "<group>";
		};
		FF18337229842ED90068E048 /* Feed Presentation */ = {
			isa = PBXGroup;
			children = (
				FF18337329842EF20068E048 /* FeedPresenter.swift */,
				FF1833762984328F0068E048 /* FeedViewModel.swift */,
				FF18337A298432BF0068E048 /* FeedErrorViewModel.swift */,
				FF183378298432AB0068E048 /* FeedLoadingViewModel.swift */,
				FF1833812984411E0068E048 /* FeedImagePresenter.swift */,
				FF183383298441360068E048 /* FeedImageViewModel.swift */,
				FF18336A297F9F020068E048 /* Feed.strings */,
			);
			path = "Feed Presentation";
			sourceTree = "<group>";
		};
		FF2A0653290E37330085559D /* Feed Feature */ = {
			isa = PBXGroup;
			children = (
				FFB4D40B290D87DC00FC6F96 /* FeedImage.swift */,
				FF2A0651290E35550085559D /* FeedLoader.swift */,
				FF18332E297BAA610068E048 /* FeedImageDataLoader.swift */,
			);
			path = "Feed Feature";
			sourceTree = "<group>";
		};
		FF2AB6BC29785C5100A659BE /* Infrastructure */ = {
			isa = PBXGroup;
			children = (
				FFE3D7362976CC810046B611 /* CoreDataFeedStore.swift */,
				FF2AB6BD29785C7000A659BE /* ManagedCache.swift */,
				FF2AB6BF29785C8100A659BE /* ManagedFeedImage.swift */,
				FFE3D7382976CF210046B611 /* FeedStore.xcdatamodeld */,
			);
			path = Infrastructure;
			sourceTree = "<group>";
		};
		FF2AB6C629785D7A00A659BE /* AEFeedCacheIntegrationTests */ = {
			isa = PBXGroup;
			children = (
				FF2AB6C729785D7A00A659BE /* AEFeedCacheIntegrationTests.swift */,
			);
			path = AEFeedCacheIntegrationTests;
			sourceTree = "<group>";
		};
		FF4FCE2A2914FC59004DA00E /* Feed Cache */ = {
			isa = PBXGroup;
			children = (
				FF2AB6BC29785C5100A659BE /* Infrastructure */,
				FF4FCE2D2914FD20004DA00E /* FeedStore.swift */,
				FF4FCE2B2914FC6A004DA00E /* LocalFeedLoader.swift */,
				FF4FCE2F29156FB7004DA00E /* LocalFeedImage.swift */,
				FF1EB9B2297507F200CA9321 /* FeedCachePolicy.swift */,
			);
			path = "Feed Cache";
			sourceTree = "<group>";
		};
		FF4FCE3529161B87004DA00E /* Helpers */ = {
			isa = PBXGroup;
			children = (
				FF4FCE3629161B97004DA00E /* FeedStoreSpy.swift */,
				FF1EB9B0297424BD00CA9321 /* FeedCacheTestHelpers.swift */,
			);
			path = Helpers;
			sourceTree = "<group>";
		};
		FF78D4E9290E40A600C4E37D /* Feed API */ = {
			isa = PBXGroup;
			children = (
				FF78D4EA290E40B600C4E37D /* RemoteFeedLoader.swift */,
				FFD294602985011A0047E30D /* RemoteFeedImageDataLoader.swift */,
				FF78D4EC290E8E6B00C4E37D /* FeedItemsMapper.swift */,
				FF78D4EE290E99A200C4E37D /* HTTPClient.swift */,
				FFAE5F8F291017FC00D78CF8 /* URLSessionHTTPClient.swift */,
				FF4FCE3129156FC5004DA00E /* RemoteFeedItem.swift */,
			);
			path = "Feed API";
			sourceTree = "<group>";
		};
		FF78D4F0290E9B6D00C4E37D /* Helpers */ = {
			isa = PBXGroup;
			children = (
				FF62C4BF290ED5E700AD1D28 /* Helpers.swift */,
				FF78D4F1290E9B8400C4E37D /* XCTestCase+MemoryLeakTracking.swift */,
			);
			path = Helpers;
			sourceTree = "<group>";
		};
		FF78D4F4290EA0F500C4E37D /* Feed API */ = {
			isa = PBXGroup;
			children = (
				FFD2945F2984FFD50047E30D /* Helpers */,
				FF2A0654290E383B0085559D /* LoadFeedFromRemoteUseCaseTests.swift */,
				FF78D4F5290ED26300C4E37D /* URLSessionHTTPClientTests.swift */,
				FFD2945B2984D8EF0047E30D /* RemoteFeedImageDataLoaderTests.swift */,
			);
			path = "Feed API";
			sourceTree = "<group>";
		};
		FFAE5F962910200100D78CF8 /* AEFeedAPIEndToEndTest */ = {
			isa = PBXGroup;
			children = (
				FFAE5F972910200100D78CF8 /* AEFeedAPIEndToEndTest.swift */,
			);
			path = AEFeedAPIEndToEndTest;
			sourceTree = "<group>";
		};
		FFAE5FA22910D57600D78CF8 /* Feed Cache */ = {
			isa = PBXGroup;
			children = (
				FF4FCE3529161B87004DA00E /* Helpers */,
				FFAE5FA32910D63400D78CF8 /* CacheFeedUseCaseTests.swift */,
				FF4FCE3329157735004DA00E /* LoadFeedFromCacheUseCaseTests.swift */,
				FF1EB9AE297420D200CA9321 /* ValidateFeedCacheUseCaseTests.swift */,
				FFE3D7342976CC190046B611 /* CoreDataFeedStoreTests.swift */,
				FF2AB6AC2976D57E00A659BE /* FeedStoreSpecs.swift */,
				FF2AB6AE2976D6D600A659BE /* XCTestCase+FeedStoreSpecs.swift */,
			);
			path = "Feed Cache";
			sourceTree = "<group>";
		};
		FFB4D3E9290D87CF00FC6F96 = {
			isa = PBXGroup;
			children = (
				FFB4D3F5290D87CF00FC6F96 /* AEFeed */,
				FFB4D3FF290D87CF00FC6F96 /* AEFeedTests */,
				FFAE5F962910200100D78CF8 /* AEFeedAPIEndToEndTest */,
				FF2AB6C629785D7A00A659BE /* AEFeedCacheIntegrationTests */,
				FF025552297A497D000CA0E9 /* AEFeediOS */,
				FF02555C297A497E000CA0E9 /* AEFeediOSTests */,
				FFB4D3F4290D87CF00FC6F96 /* Products */,
				FF025568297A4F7E000CA0E9 /* Frameworks */,
			);
			sourceTree = "<group>";
		};
		FFB4D3F4290D87CF00FC6F96 /* Products */ = {
			isa = PBXGroup;
			children = (
				FFB4D3F3290D87CF00FC6F96 /* AEFeed.framework */,
				FFB4D3FB290D87CF00FC6F96 /* AEFeedTests.xctest */,
				FFAE5F952910200100D78CF8 /* AEFeedAPIEndToEndTest.xctest */,
				FF2AB6C529785D7A00A659BE /* AEFeedCacheIntegrationTests.xctest */,
				FF025551297A497D000CA0E9 /* AEFeediOS.framework */,
				FF025558297A497D000CA0E9 /* AEFeediOSTests.xctest */,
			);
			name = Products;
			sourceTree = "<group>";
		};
		FFB4D3F5290D87CF00FC6F96 /* AEFeed */ = {
			isa = PBXGroup;
			children = (
				FF18337229842ED90068E048 /* Feed Presentation */,
				FF2A0653290E37330085559D /* Feed Feature */,
				FF78D4E9290E40A600C4E37D /* Feed API */,
				FF4FCE2A2914FC59004DA00E /* Feed Cache */,
			);
			path = AEFeed;
			sourceTree = "<group>";
		};
		FFB4D3FF290D87CF00FC6F96 /* AEFeedTests */ = {
			isa = PBXGroup;
			children = (
				FF183363297F94A00068E048 /* Feed Presentation */,
				FF78D4F0290E9B6D00C4E37D /* Helpers */,
				FF78D4F4290EA0F500C4E37D /* Feed API */,
				FFAE5FA22910D57600D78CF8 /* Feed Cache */,
			);
			path = AEFeedTests;
			sourceTree = "<group>";
		};
		FFD2945F2984FFD50047E30D /* Helpers */ = {
			isa = PBXGroup;
			children = (
				FFD2945D2984FFCE0047E30D /* HTTPClientSpy.swift */,
			);
			path = Helpers;
			sourceTree = "<group>";
		};
/* End PBXGroup section */

/* Begin PBXHeadersBuildPhase section */
		FF02554C297A497D000CA0E9 /* Headers */ = {
			isa = PBXHeadersBuildPhase;
			buildActionMask = 2147483647;
			files = (
			);
			runOnlyForDeploymentPostprocessing = 0;
		};
		FFB4D3EE290D87CF00FC6F96 /* Headers */ = {
			isa = PBXHeadersBuildPhase;
			buildActionMask = 2147483647;
			files = (
			);
			runOnlyForDeploymentPostprocessing = 0;
		};
/* End PBXHeadersBuildPhase section */

/* Begin PBXNativeTarget section */
		FF025550297A497D000CA0E9 /* AEFeediOS */ = {
			isa = PBXNativeTarget;
			buildConfigurationList = FF025560297A497E000CA0E9 /* Build configuration list for PBXNativeTarget "AEFeediOS" */;
			buildPhases = (
				FF02554C297A497D000CA0E9 /* Headers */,
				FF02554D297A497D000CA0E9 /* Sources */,
				FF02554E297A497D000CA0E9 /* Frameworks */,
				FF02554F297A497D000CA0E9 /* Resources */,
				FF02556D297A4F7E000CA0E9 /* Embed Frameworks */,
			);
			buildRules = (
			);
			dependencies = (
				FF02556C297A4F7E000CA0E9 /* PBXTargetDependency */,
			);
			name = AEFeediOS;
			productName = AEFeediOS;
			productReference = FF025551297A497D000CA0E9 /* AEFeediOS.framework */;
			productType = "com.apple.product-type.framework";
		};
		FF025557297A497D000CA0E9 /* AEFeediOSTests */ = {
			isa = PBXNativeTarget;
			buildConfigurationList = FF025563297A497E000CA0E9 /* Build configuration list for PBXNativeTarget "AEFeediOSTests" */;
			buildPhases = (
				FF025554297A497D000CA0E9 /* Sources */,
				FF025555297A497D000CA0E9 /* Frameworks */,
				FF025556297A497D000CA0E9 /* Resources */,
			);
			buildRules = (
			);
			dependencies = (
				FF02555B297A497E000CA0E9 /* PBXTargetDependency */,
			);
			name = AEFeediOSTests;
			productName = AEFeediOSTests;
			productReference = FF025558297A497D000CA0E9 /* AEFeediOSTests.xctest */;
			productType = "com.apple.product-type.bundle.unit-test";
		};
		FF2AB6C429785D7A00A659BE /* AEFeedCacheIntegrationTests */ = {
			isa = PBXNativeTarget;
			buildConfigurationList = FF2AB6CC29785D7A00A659BE /* Build configuration list for PBXNativeTarget "AEFeedCacheIntegrationTests" */;
			buildPhases = (
				FF2AB6C129785D7A00A659BE /* Sources */,
				FF2AB6C229785D7A00A659BE /* Frameworks */,
				FF2AB6C329785D7A00A659BE /* Resources */,
			);
			buildRules = (
			);
			dependencies = (
				FF2AB6CB29785D7A00A659BE /* PBXTargetDependency */,
			);
			name = AEFeedCacheIntegrationTests;
			productName = AEFeedCacheIntegrationTests;
			productReference = FF2AB6C529785D7A00A659BE /* AEFeedCacheIntegrationTests.xctest */;
			productType = "com.apple.product-type.bundle.unit-test";
		};
		FFAE5F942910200100D78CF8 /* AEFeedAPIEndToEndTest */ = {
			isa = PBXNativeTarget;
			buildConfigurationList = FFAE5F9C2910200100D78CF8 /* Build configuration list for PBXNativeTarget "AEFeedAPIEndToEndTest" */;
			buildPhases = (
				FFAE5F912910200100D78CF8 /* Sources */,
				FFAE5F922910200100D78CF8 /* Frameworks */,
				FFAE5F932910200100D78CF8 /* Resources */,
			);
			buildRules = (
			);
			dependencies = (
				FFAE5F9B2910200100D78CF8 /* PBXTargetDependency */,
			);
			name = AEFeedAPIEndToEndTest;
			productName = AEFeedAPIEndToEndTest;
			productReference = FFAE5F952910200100D78CF8 /* AEFeedAPIEndToEndTest.xctest */;
			productType = "com.apple.product-type.bundle.unit-test";
		};
		FFB4D3F2290D87CF00FC6F96 /* AEFeed */ = {
			isa = PBXNativeTarget;
			buildConfigurationList = FFB4D405290D87CF00FC6F96 /* Build configuration list for PBXNativeTarget "AEFeed" */;
			buildPhases = (
				FFB4D3EE290D87CF00FC6F96 /* Headers */,
				FFB4D3EF290D87CF00FC6F96 /* Sources */,
				FFB4D3F0290D87CF00FC6F96 /* Frameworks */,
				FFB4D3F1290D87CF00FC6F96 /* Resources */,
			);
			buildRules = (
			);
			dependencies = (
			);
			name = AEFeed;
			productName = AEFeed;
			productReference = FFB4D3F3290D87CF00FC6F96 /* AEFeed.framework */;
			productType = "com.apple.product-type.framework";
		};
		FFB4D3FA290D87CF00FC6F96 /* AEFeedTests */ = {
			isa = PBXNativeTarget;
			buildConfigurationList = FFB4D408290D87CF00FC6F96 /* Build configuration list for PBXNativeTarget "AEFeedTests" */;
			buildPhases = (
				FFB4D3F7290D87CF00FC6F96 /* Sources */,
				FFB4D3F8290D87CF00FC6F96 /* Frameworks */,
				FFB4D3F9290D87CF00FC6F96 /* Resources */,
			);
			buildRules = (
			);
			dependencies = (
				FFB4D3FE290D87CF00FC6F96 /* PBXTargetDependency */,
			);
			name = AEFeedTests;
			productName = AEFeedTests;
			productReference = FFB4D3FB290D87CF00FC6F96 /* AEFeedTests.xctest */;
			productType = "com.apple.product-type.bundle.unit-test";
		};
/* End PBXNativeTarget section */

/* Begin PBXProject section */
		FFB4D3EA290D87CF00FC6F96 /* Project object */ = {
			isa = PBXProject;
			attributes = {
				BuildIndependentTargetsInParallel = 1;
				LastSwiftUpdateCheck = 1410;
				LastUpgradeCheck = 1410;
				TargetAttributes = {
					FF025550297A497D000CA0E9 = {
						CreatedOnToolsVersion = 14.1;
						LastSwiftMigration = 1410;
					};
					FF025557297A497D000CA0E9 = {
						CreatedOnToolsVersion = 14.1;
						LastSwiftMigration = 1410;
					};
					FF2AB6C429785D7A00A659BE = {
						CreatedOnToolsVersion = 14.1;
					};
					FFAE5F942910200100D78CF8 = {
						CreatedOnToolsVersion = 13.2.1;
					};
					FFB4D3F2290D87CF00FC6F96 = {
						CreatedOnToolsVersion = 13.2.1;
						LastSwiftMigration = 1320;
					};
					FFB4D3FA290D87CF00FC6F96 = {
						CreatedOnToolsVersion = 13.2.1;
					};
				};
			};
			buildConfigurationList = FFB4D3ED290D87CF00FC6F96 /* Build configuration list for PBXProject "AEFeed" */;
			compatibilityVersion = "Xcode 13.0";
			developmentRegion = en;
			hasScannedForEncodings = 0;
			knownRegions = (
				en,
				Base,
				de,
			);
			mainGroup = FFB4D3E9290D87CF00FC6F96;
			productRefGroup = FFB4D3F4290D87CF00FC6F96 /* Products */;
			projectDirPath = "";
			projectRoot = "";
			targets = (
				FFB4D3F2290D87CF00FC6F96 /* AEFeed */,
				FFB4D3FA290D87CF00FC6F96 /* AEFeedTests */,
				FFAE5F942910200100D78CF8 /* AEFeedAPIEndToEndTest */,
				FF2AB6C429785D7A00A659BE /* AEFeedCacheIntegrationTests */,
				FF025550297A497D000CA0E9 /* AEFeediOS */,
				FF025557297A497D000CA0E9 /* AEFeediOSTests */,
			);
		};
/* End PBXProject section */

/* Begin PBXResourcesBuildPhase section */
		FF02554F297A497D000CA0E9 /* Resources */ = {
			isa = PBXResourcesBuildPhase;
			buildActionMask = 2147483647;
			files = (
			);
			runOnlyForDeploymentPostprocessing = 0;
		};
		FF025556297A497D000CA0E9 /* Resources */ = {
			isa = PBXResourcesBuildPhase;
			buildActionMask = 2147483647;
			files = (
			);
			runOnlyForDeploymentPostprocessing = 0;
		};
		FF2AB6C329785D7A00A659BE /* Resources */ = {
			isa = PBXResourcesBuildPhase;
			buildActionMask = 2147483647;
			files = (
			);
			runOnlyForDeploymentPostprocessing = 0;
		};
		FFAE5F932910200100D78CF8 /* Resources */ = {
			isa = PBXResourcesBuildPhase;
			buildActionMask = 2147483647;
			files = (
			);
			runOnlyForDeploymentPostprocessing = 0;
		};
		FFB4D3F1290D87CF00FC6F96 /* Resources */ = {
			isa = PBXResourcesBuildPhase;
			buildActionMask = 2147483647;
			files = (
				FF1833752984305A0068E048 /* Feed.strings in Resources */,
			);
			runOnlyForDeploymentPostprocessing = 0;
		};
		FFB4D3F9290D87CF00FC6F96 /* Resources */ = {
			isa = PBXResourcesBuildPhase;
			buildActionMask = 2147483647;
			files = (
			);
			runOnlyForDeploymentPostprocessing = 0;
		};
/* End PBXResourcesBuildPhase section */

/* Begin PBXSourcesBuildPhase section */
		FF02554D297A497D000CA0E9 /* Sources */ = {
			isa = PBXSourcesBuildPhase;
			buildActionMask = 2147483647;
			files = (
				FF183331297BACED0068E048 /* FeedRefreshViewController.swift in Sources */,
				FFBF5DB9297AFEA200C66EB4 /* UIView+Shimmering.swift in Sources */,
				FF183362297F93A40068E048 /* UIRefreshControl+Helpers.swift in Sources */,
				FFBF5DB5297AEAA900C66EB4 /* ListViewController.swift in Sources */,
				FF183343297D5C640068E048 /* UIFont+Extension.swift in Sources */,
				FF183355297E6FB20068E048 /* WeakRefVirtualProxy.swift in Sources */,
				FFBF5DB7297AEE5600C66EB4 /* FeedImageCell.swift in Sources */,
				FF183353297E6F6A0068E048 /* MainQueueDispatchDecorator.swift in Sources */,
				FF183333297BB2D10068E048 /* FeedImageCellController.swift in Sources */,
				FF183336297BB7290068E048 /* FeedUIComposer.swift in Sources */,
				FF183341297D5C4F0068E048 /* UIStackView+Extension.swift in Sources */,
				FF183345297D5D000068E048 /* UITableView+Extension.swift in Sources */,
				FF18335F297F8B130068E048 /* ErrorView.swift in Sources */,
			);
			runOnlyForDeploymentPostprocessing = 0;
		};
		FF025554297A497D000CA0E9 /* Sources */ = {
			isa = PBXSourcesBuildPhase;
			buildActionMask = 2147483647;
			files = (
				FF025567297A4C34000CA0E9 /* ListViewControllerTests.swift in Sources */,
				FF02556E297A50BE000CA0E9 /* XCTestCase+MemoryLeakTracking.swift in Sources */,
				FF18334A297D9F5D0068E048 /* ListViewControllerTests+Localization.swift in Sources */,
			);
			runOnlyForDeploymentPostprocessing = 0;
		};
		FF2AB6C129785D7A00A659BE /* Sources */ = {
			isa = PBXSourcesBuildPhase;
			buildActionMask = 2147483647;
			files = (
				FF2AB6C829785D7A00A659BE /* AEFeedCacheIntegrationTests.swift in Sources */,
				FF417AFA2978607900C26F3A /* FeedCacheTestHelpers.swift in Sources */,
				FF2AB6CF29785F1100A659BE /* XCTestCase+MemoryLeakTracking.swift in Sources */,
			);
			runOnlyForDeploymentPostprocessing = 0;
		};
		FFAE5F912910200100D78CF8 /* Sources */ = {
			isa = PBXSourcesBuildPhase;
			buildActionMask = 2147483647;
			files = (
				FFAE5F982910200100D78CF8 /* AEFeedAPIEndToEndTest.swift in Sources */,
				FFAE5FA12910325100D78CF8 /* XCTestCase+MemoryLeakTracking.swift in Sources */,
			);
			runOnlyForDeploymentPostprocessing = 0;
		};
		FFB4D3EF290D87CF00FC6F96 /* Sources */ = {
			isa = PBXSourcesBuildPhase;
			buildActionMask = 2147483647;
			files = (
				FF2AB6BE29785C7000A659BE /* ManagedCache.swift in Sources */,
				FF1833772984328F0068E048 /* FeedViewModel.swift in Sources */,
				FF2A0652290E35550085559D /* FeedLoader.swift in Sources */,
				FF78D4EF290E99A200C4E37D /* HTTPClient.swift in Sources */,
				FF78D4EB290E40B600C4E37D /* RemoteFeedLoader.swift in Sources */,
				FF1EB9B3297507F200CA9321 /* FeedCachePolicy.swift in Sources */,
				FF2AB6C029785C8100A659BE /* ManagedFeedImage.swift in Sources */,
				FF183379298432AB0068E048 /* FeedLoadingViewModel.swift in Sources */,
				FF4FCE2E2914FD20004DA00E /* FeedStore.swift in Sources */,
				FFE3D73A2976CF210046B611 /* FeedStore.xcdatamodeld in Sources */,
				FF4FCE3029156FB7004DA00E /* LocalFeedImage.swift in Sources */,
				FF4FCE2C2914FC6A004DA00E /* LocalFeedLoader.swift in Sources */,
				FF18337429842EF20068E048 /* FeedPresenter.swift in Sources */,
				FF4FCE3229156FC5004DA00E /* RemoteFeedItem.swift in Sources */,
				FF183384298441360068E048 /* FeedImageViewModel.swift in Sources */,
				FF1833822984411E0068E048 /* FeedImagePresenter.swift in Sources */,
				FFB4D40C290D87DC00FC6F96 /* FeedImage.swift in Sources */,
				FF78D4ED290E8E6B00C4E37D /* FeedItemsMapper.swift in Sources */,
				FFD294612985011A0047E30D /* RemoteFeedImageDataLoader.swift in Sources */,
				FF18337B298432BF0068E048 /* FeedErrorViewModel.swift in Sources */,
				FFAE5F90291017FC00D78CF8 /* URLSessionHTTPClient.swift in Sources */,
				FF183385298442C40068E048 /* FeedImageDataLoader.swift in Sources */,
				FFE3D7372976CC810046B611 /* CoreDataFeedStore.swift in Sources */,
			);
			runOnlyForDeploymentPostprocessing = 0;
		};
		FFB4D3F7290D87CF00FC6F96 /* Sources */ = {
			isa = PBXSourcesBuildPhase;
			buildActionMask = 2147483647;
			files = (
				FF183365297F94C40068E048 /* FeedPresenterTests.swift in Sources */,
				FFD2945E2984FFCE0047E30D /* HTTPClientSpy.swift in Sources */,
				FF2AB6AF2976D6D600A659BE /* XCTestCase+FeedStoreSpecs.swift in Sources */,
				FFE3D7352976CC190046B611 /* CoreDataFeedStoreTests.swift in Sources */,
				FF2A0655290E383B0085559D /* LoadFeedFromRemoteUseCaseTests.swift in Sources */,
				FF18337C2984335E0068E048 /* FeedLocalizationTests.swift in Sources */,
				FF78D4F6290ED26300C4E37D /* URLSessionHTTPClientTests.swift in Sources */,
				FFD2945C2984D8EF0047E30D /* RemoteFeedImageDataLoaderTests.swift in Sources */,
				FF78D4F3290E9DD400C4E37D /* XCTestCase+MemoryLeakTracking.swift in Sources */,
				FF18337E298434CA0068E048 /* FeedImagePresenterTests.swift in Sources */,
				FF4FCE3729161B97004DA00E /* FeedStoreSpy.swift in Sources */,
				FF1EB9B1297424BD00CA9321 /* FeedCacheTestHelpers.swift in Sources */,
				FF1EB9AF297420D200CA9321 /* ValidateFeedCacheUseCaseTests.swift in Sources */,
				FF4FCE3429157735004DA00E /* LoadFeedFromCacheUseCaseTests.swift in Sources */,
				FF62C4C0290ED5E700AD1D28 /* Helpers.swift in Sources */,
				FF2AB6AD2976D57E00A659BE /* FeedStoreSpecs.swift in Sources */,
				FF322A3C29741F22002B6EC1 /* CacheFeedUseCaseTests.swift in Sources */,
			);
			runOnlyForDeploymentPostprocessing = 0;
		};
/* End PBXSourcesBuildPhase section */

/* Begin PBXTargetDependency section */
		FF02555B297A497E000CA0E9 /* PBXTargetDependency */ = {
			isa = PBXTargetDependency;
			target = FF025550297A497D000CA0E9 /* AEFeediOS */;
			targetProxy = FF02555A297A497E000CA0E9 /* PBXContainerItemProxy */;
		};
		FF02556C297A4F7E000CA0E9 /* PBXTargetDependency */ = {
			isa = PBXTargetDependency;
			platformFilter = ios;
			target = FFB4D3F2290D87CF00FC6F96 /* AEFeed */;
			targetProxy = FF02556B297A4F7E000CA0E9 /* PBXContainerItemProxy */;
		};
		FF2AB6CB29785D7A00A659BE /* PBXTargetDependency */ = {
			isa = PBXTargetDependency;
			target = FFB4D3F2290D87CF00FC6F96 /* AEFeed */;
			targetProxy = FF2AB6CA29785D7A00A659BE /* PBXContainerItemProxy */;
		};
		FFAE5F9B2910200100D78CF8 /* PBXTargetDependency */ = {
			isa = PBXTargetDependency;
			target = FFB4D3F2290D87CF00FC6F96 /* AEFeed */;
			targetProxy = FFAE5F9A2910200100D78CF8 /* PBXContainerItemProxy */;
		};
		FFB4D3FE290D87CF00FC6F96 /* PBXTargetDependency */ = {
			isa = PBXTargetDependency;
			target = FFB4D3F2290D87CF00FC6F96 /* AEFeed */;
			targetProxy = FFB4D3FD290D87CF00FC6F96 /* PBXContainerItemProxy */;
		};
/* End PBXTargetDependency section */

/* Begin PBXVariantGroup section */
		FF18336A297F9F020068E048 /* Feed.strings */ = {
			isa = PBXVariantGroup;
			children = (
				FF183369297F9F020068E048 /* en */,
				FF18336B297F9F070068E048 /* de */,
			);
			name = Feed.strings;
			sourceTree = "<group>";
		};
/* End PBXVariantGroup section */

/* Begin XCBuildConfiguration section */
		FF025561297A497E000CA0E9 /* Debug */ = {
			isa = XCBuildConfiguration;
			buildSettings = {
				CLANG_CXX_LANGUAGE_STANDARD = "gnu++20";
				CLANG_ENABLE_MODULES = YES;
				CODE_SIGN_STYLE = Automatic;
				CURRENT_PROJECT_VERSION = 1;
				DEFINES_MODULE = YES;
				DEVELOPMENT_TEAM = 3285BMFMRD;
				DYLIB_COMPATIBILITY_VERSION = 1;
				DYLIB_CURRENT_VERSION = 1;
				DYLIB_INSTALL_NAME_BASE = "@rpath";
				GENERATE_INFOPLIST_FILE = YES;
				INFOPLIST_KEY_NSHumanReadableCopyright = "";
				INSTALL_PATH = "$(LOCAL_LIBRARY_DIR)/Frameworks";
				IPHONEOS_DEPLOYMENT_TARGET = 16.1;
				LD_RUNPATH_SEARCH_PATHS = (
					"$(inherited)",
					"@executable_path/Frameworks",
					"@loader_path/Frameworks",
				);
				MARKETING_VERSION = 1.0;
				PRODUCT_BUNDLE_IDENTIFIER = com.artemekimov.AEFeediOS;
				PRODUCT_NAME = "$(TARGET_NAME:c99extidentifier)";
				SDKROOT = iphoneos;
				SKIP_INSTALL = YES;
				SWIFT_EMIT_LOC_STRINGS = YES;
				SWIFT_OPTIMIZATION_LEVEL = "-Onone";
				SWIFT_VERSION = 5.0;
				TARGETED_DEVICE_FAMILY = "1,2";
			};
			name = Debug;
		};
		FF025562297A497E000CA0E9 /* Release */ = {
			isa = XCBuildConfiguration;
			buildSettings = {
				CLANG_CXX_LANGUAGE_STANDARD = "gnu++20";
				CLANG_ENABLE_MODULES = YES;
				CODE_SIGN_STYLE = Automatic;
				CURRENT_PROJECT_VERSION = 1;
				DEFINES_MODULE = YES;
				DEVELOPMENT_TEAM = 3285BMFMRD;
				DYLIB_COMPATIBILITY_VERSION = 1;
				DYLIB_CURRENT_VERSION = 1;
				DYLIB_INSTALL_NAME_BASE = "@rpath";
				GENERATE_INFOPLIST_FILE = YES;
				INFOPLIST_KEY_NSHumanReadableCopyright = "";
				INSTALL_PATH = "$(LOCAL_LIBRARY_DIR)/Frameworks";
				IPHONEOS_DEPLOYMENT_TARGET = 16.1;
				LD_RUNPATH_SEARCH_PATHS = (
					"$(inherited)",
					"@executable_path/Frameworks",
					"@loader_path/Frameworks",
				);
				MARKETING_VERSION = 1.0;
				PRODUCT_BUNDLE_IDENTIFIER = com.artemekimov.AEFeediOS;
				PRODUCT_NAME = "$(TARGET_NAME:c99extidentifier)";
				SDKROOT = iphoneos;
				SKIP_INSTALL = YES;
				SWIFT_EMIT_LOC_STRINGS = YES;
				SWIFT_VERSION = 5.0;
				TARGETED_DEVICE_FAMILY = "1,2";
				VALIDATE_PRODUCT = YES;
			};
			name = Release;
		};
		FF025564297A497E000CA0E9 /* Debug */ = {
			isa = XCBuildConfiguration;
			buildSettings = {
				ALWAYS_EMBED_SWIFT_STANDARD_LIBRARIES = YES;
				CLANG_CXX_LANGUAGE_STANDARD = "gnu++20";
				CLANG_ENABLE_MODULES = YES;
				CODE_SIGN_STYLE = Automatic;
				CURRENT_PROJECT_VERSION = 1;
				DEVELOPMENT_TEAM = 3285BMFMRD;
				GENERATE_INFOPLIST_FILE = YES;
				IPHONEOS_DEPLOYMENT_TARGET = 16.1;
				LD_RUNPATH_SEARCH_PATHS = (
					"$(inherited)",
					"@executable_path/Frameworks",
					"@loader_path/Frameworks",
				);
				MARKETING_VERSION = 1.0;
				PRODUCT_BUNDLE_IDENTIFIER = com.artemekimov.AEFeediOSTests;
				PRODUCT_NAME = "$(TARGET_NAME)";
				SDKROOT = iphoneos;
				SWIFT_EMIT_LOC_STRINGS = NO;
				SWIFT_OPTIMIZATION_LEVEL = "-Onone";
				SWIFT_VERSION = 5.0;
				TARGETED_DEVICE_FAMILY = "1,2";
			};
			name = Debug;
		};
		FF025565297A497E000CA0E9 /* Release */ = {
			isa = XCBuildConfiguration;
			buildSettings = {
				ALWAYS_EMBED_SWIFT_STANDARD_LIBRARIES = YES;
				CLANG_CXX_LANGUAGE_STANDARD = "gnu++20";
				CLANG_ENABLE_MODULES = YES;
				CODE_SIGN_STYLE = Automatic;
				CURRENT_PROJECT_VERSION = 1;
				DEVELOPMENT_TEAM = 3285BMFMRD;
				GENERATE_INFOPLIST_FILE = YES;
				IPHONEOS_DEPLOYMENT_TARGET = 16.1;
				LD_RUNPATH_SEARCH_PATHS = (
					"$(inherited)",
					"@executable_path/Frameworks",
					"@loader_path/Frameworks",
				);
				MARKETING_VERSION = 1.0;
				PRODUCT_BUNDLE_IDENTIFIER = com.artemekimov.AEFeediOSTests;
				PRODUCT_NAME = "$(TARGET_NAME)";
				SDKROOT = iphoneos;
				SWIFT_EMIT_LOC_STRINGS = NO;
				SWIFT_VERSION = 5.0;
				TARGETED_DEVICE_FAMILY = "1,2";
				VALIDATE_PRODUCT = YES;
			};
			name = Release;
		};
		FF2AB6CD29785D7A00A659BE /* Debug */ = {
			isa = XCBuildConfiguration;
			buildSettings = {
				CLANG_CXX_LANGUAGE_STANDARD = "gnu++20";
				CODE_SIGN_STYLE = Automatic;
				CURRENT_PROJECT_VERSION = 1;
				DEAD_CODE_STRIPPING = YES;
				DEVELOPMENT_TEAM = 3285BMFMRD;
				GENERATE_INFOPLIST_FILE = YES;
				MACOSX_DEPLOYMENT_TARGET = 13.0;
				MARKETING_VERSION = 1.0;
				PRODUCT_BUNDLE_IDENTIFIER = com.artemekimov.AEFeedCacheIntegrationTests;
				PRODUCT_NAME = "$(TARGET_NAME)";
				SUPPORTED_PLATFORMS = "macosx iphonesimulator iphoneos";
				SWIFT_EMIT_LOC_STRINGS = NO;
				SWIFT_VERSION = 5.0;
			};
			name = Debug;
		};
		FF2AB6CE29785D7A00A659BE /* Release */ = {
			isa = XCBuildConfiguration;
			buildSettings = {
				CLANG_CXX_LANGUAGE_STANDARD = "gnu++20";
				CODE_SIGN_STYLE = Automatic;
				CURRENT_PROJECT_VERSION = 1;
				DEAD_CODE_STRIPPING = YES;
				DEVELOPMENT_TEAM = 3285BMFMRD;
				GENERATE_INFOPLIST_FILE = YES;
				MACOSX_DEPLOYMENT_TARGET = 13.0;
				MARKETING_VERSION = 1.0;
				PRODUCT_BUNDLE_IDENTIFIER = com.artemekimov.AEFeedCacheIntegrationTests;
				PRODUCT_NAME = "$(TARGET_NAME)";
				SUPPORTED_PLATFORMS = "macosx iphonesimulator iphoneos";
				SWIFT_EMIT_LOC_STRINGS = NO;
				SWIFT_VERSION = 5.0;
			};
			name = Release;
		};
		FFAE5F9D2910200100D78CF8 /* Debug */ = {
			isa = XCBuildConfiguration;
			buildSettings = {
				CODE_SIGN_STYLE = Automatic;
				CURRENT_PROJECT_VERSION = 1;
				DEAD_CODE_STRIPPING = YES;
				DEVELOPMENT_TEAM = 3285BMFMRD;
				GENERATE_INFOPLIST_FILE = YES;
				MARKETING_VERSION = 1.0;
				PRODUCT_BUNDLE_IDENTIFIER = com.artemekimov.AEFeedAPIEndToEndTest;
				PRODUCT_NAME = "$(TARGET_NAME)";
				SUPPORTED_PLATFORMS = "macosx iphonesimulator iphoneos";
				SWIFT_EMIT_LOC_STRINGS = NO;
				SWIFT_VERSION = 5.0;
			};
			name = Debug;
		};
		FFAE5F9E2910200100D78CF8 /* Release */ = {
			isa = XCBuildConfiguration;
			buildSettings = {
				CODE_SIGN_STYLE = Automatic;
				CURRENT_PROJECT_VERSION = 1;
				DEAD_CODE_STRIPPING = YES;
				DEVELOPMENT_TEAM = 3285BMFMRD;
				GENERATE_INFOPLIST_FILE = YES;
				MARKETING_VERSION = 1.0;
				PRODUCT_BUNDLE_IDENTIFIER = com.artemekimov.AEFeedAPIEndToEndTest;
				PRODUCT_NAME = "$(TARGET_NAME)";
				SUPPORTED_PLATFORMS = "macosx iphonesimulator iphoneos";
				SWIFT_EMIT_LOC_STRINGS = NO;
				SWIFT_VERSION = 5.0;
			};
			name = Release;
		};
		FFB4D403290D87CF00FC6F96 /* Debug */ = {
			isa = XCBuildConfiguration;
			buildSettings = {
				ALWAYS_SEARCH_USER_PATHS = NO;
				CLANG_ANALYZER_LOCALIZABILITY_NONLOCALIZED = YES;
				CLANG_ANALYZER_NONNULL = YES;
				CLANG_ANALYZER_NUMBER_OBJECT_CONVERSION = YES_AGGRESSIVE;
				CLANG_CXX_LANGUAGE_STANDARD = "gnu++17";
				CLANG_CXX_LIBRARY = "libc++";
				CLANG_ENABLE_MODULES = YES;
				CLANG_ENABLE_OBJC_ARC = YES;
				CLANG_ENABLE_OBJC_WEAK = YES;
				CLANG_WARN_BLOCK_CAPTURE_AUTORELEASING = YES;
				CLANG_WARN_BOOL_CONVERSION = YES;
				CLANG_WARN_COMMA = YES;
				CLANG_WARN_CONSTANT_CONVERSION = YES;
				CLANG_WARN_DEPRECATED_OBJC_IMPLEMENTATIONS = YES;
				CLANG_WARN_DIRECT_OBJC_ISA_USAGE = YES_ERROR;
				CLANG_WARN_DOCUMENTATION_COMMENTS = YES;
				CLANG_WARN_EMPTY_BODY = YES;
				CLANG_WARN_ENUM_CONVERSION = YES;
				CLANG_WARN_INFINITE_RECURSION = YES;
				CLANG_WARN_INT_CONVERSION = YES;
				CLANG_WARN_NON_LITERAL_NULL_CONVERSION = YES;
				CLANG_WARN_OBJC_IMPLICIT_RETAIN_SELF = YES;
				CLANG_WARN_OBJC_LITERAL_CONVERSION = YES;
				CLANG_WARN_OBJC_ROOT_CLASS = YES_ERROR;
				CLANG_WARN_QUOTED_INCLUDE_IN_FRAMEWORK_HEADER = YES;
				CLANG_WARN_RANGE_LOOP_ANALYSIS = YES;
				CLANG_WARN_STRICT_PROTOTYPES = YES;
				CLANG_WARN_SUSPICIOUS_MOVE = YES;
				CLANG_WARN_UNGUARDED_AVAILABILITY = YES_AGGRESSIVE;
				CLANG_WARN_UNREACHABLE_CODE = YES;
				CLANG_WARN__DUPLICATE_METHOD_MATCH = YES;
				COPY_PHASE_STRIP = NO;
				CURRENT_PROJECT_VERSION = 1;
				DEAD_CODE_STRIPPING = YES;
				DEBUG_INFORMATION_FORMAT = dwarf;
				ENABLE_STRICT_OBJC_MSGSEND = YES;
				ENABLE_TESTABILITY = YES;
				GCC_C_LANGUAGE_STANDARD = gnu11;
				GCC_DYNAMIC_NO_PIC = NO;
				GCC_NO_COMMON_BLOCKS = YES;
				GCC_OPTIMIZATION_LEVEL = 0;
				GCC_PREPROCESSOR_DEFINITIONS = (
					"DEBUG=1",
					"$(inherited)",
				);
				GCC_WARN_64_TO_32_BIT_CONVERSION = YES;
				GCC_WARN_ABOUT_RETURN_TYPE = YES_ERROR;
				GCC_WARN_UNDECLARED_SELECTOR = YES;
				GCC_WARN_UNINITIALIZED_AUTOS = YES_AGGRESSIVE;
				GCC_WARN_UNUSED_FUNCTION = YES;
				GCC_WARN_UNUSED_VARIABLE = YES;
				MACOSX_DEPLOYMENT_TARGET = 11.4;
				MTL_ENABLE_DEBUG_INFO = INCLUDE_SOURCE;
				MTL_FAST_MATH = YES;
				ONLY_ACTIVE_ARCH = YES;
				SDKROOT = macosx;
				SWIFT_ACTIVE_COMPILATION_CONDITIONS = DEBUG;
				SWIFT_OPTIMIZATION_LEVEL = "-Onone";
				VERSIONING_SYSTEM = "apple-generic";
				VERSION_INFO_PREFIX = "";
			};
			name = Debug;
		};
		FFB4D404290D87CF00FC6F96 /* Release */ = {
			isa = XCBuildConfiguration;
			buildSettings = {
				ALWAYS_SEARCH_USER_PATHS = NO;
				CLANG_ANALYZER_LOCALIZABILITY_NONLOCALIZED = YES;
				CLANG_ANALYZER_NONNULL = YES;
				CLANG_ANALYZER_NUMBER_OBJECT_CONVERSION = YES_AGGRESSIVE;
				CLANG_CXX_LANGUAGE_STANDARD = "gnu++17";
				CLANG_CXX_LIBRARY = "libc++";
				CLANG_ENABLE_MODULES = YES;
				CLANG_ENABLE_OBJC_ARC = YES;
				CLANG_ENABLE_OBJC_WEAK = YES;
				CLANG_WARN_BLOCK_CAPTURE_AUTORELEASING = YES;
				CLANG_WARN_BOOL_CONVERSION = YES;
				CLANG_WARN_COMMA = YES;
				CLANG_WARN_CONSTANT_CONVERSION = YES;
				CLANG_WARN_DEPRECATED_OBJC_IMPLEMENTATIONS = YES;
				CLANG_WARN_DIRECT_OBJC_ISA_USAGE = YES_ERROR;
				CLANG_WARN_DOCUMENTATION_COMMENTS = YES;
				CLANG_WARN_EMPTY_BODY = YES;
				CLANG_WARN_ENUM_CONVERSION = YES;
				CLANG_WARN_INFINITE_RECURSION = YES;
				CLANG_WARN_INT_CONVERSION = YES;
				CLANG_WARN_NON_LITERAL_NULL_CONVERSION = YES;
				CLANG_WARN_OBJC_IMPLICIT_RETAIN_SELF = YES;
				CLANG_WARN_OBJC_LITERAL_CONVERSION = YES;
				CLANG_WARN_OBJC_ROOT_CLASS = YES_ERROR;
				CLANG_WARN_QUOTED_INCLUDE_IN_FRAMEWORK_HEADER = YES;
				CLANG_WARN_RANGE_LOOP_ANALYSIS = YES;
				CLANG_WARN_STRICT_PROTOTYPES = YES;
				CLANG_WARN_SUSPICIOUS_MOVE = YES;
				CLANG_WARN_UNGUARDED_AVAILABILITY = YES_AGGRESSIVE;
				CLANG_WARN_UNREACHABLE_CODE = YES;
				CLANG_WARN__DUPLICATE_METHOD_MATCH = YES;
				COPY_PHASE_STRIP = NO;
				CURRENT_PROJECT_VERSION = 1;
				DEAD_CODE_STRIPPING = YES;
				DEBUG_INFORMATION_FORMAT = "dwarf-with-dsym";
				ENABLE_NS_ASSERTIONS = NO;
				ENABLE_STRICT_OBJC_MSGSEND = YES;
				GCC_C_LANGUAGE_STANDARD = gnu11;
				GCC_NO_COMMON_BLOCKS = YES;
				GCC_WARN_64_TO_32_BIT_CONVERSION = YES;
				GCC_WARN_ABOUT_RETURN_TYPE = YES_ERROR;
				GCC_WARN_UNDECLARED_SELECTOR = YES;
				GCC_WARN_UNINITIALIZED_AUTOS = YES_AGGRESSIVE;
				GCC_WARN_UNUSED_FUNCTION = YES;
				GCC_WARN_UNUSED_VARIABLE = YES;
				MACOSX_DEPLOYMENT_TARGET = 11.4;
				MTL_ENABLE_DEBUG_INFO = NO;
				MTL_FAST_MATH = YES;
				SDKROOT = macosx;
				SWIFT_COMPILATION_MODE = wholemodule;
				SWIFT_OPTIMIZATION_LEVEL = "-O";
				VERSIONING_SYSTEM = "apple-generic";
				VERSION_INFO_PREFIX = "";
			};
			name = Release;
		};
		FFB4D406290D87CF00FC6F96 /* Debug */ = {
			isa = XCBuildConfiguration;
			buildSettings = {
				CLANG_ENABLE_MODULES = YES;
				CODE_SIGN_STYLE = Automatic;
				COMBINE_HIDPI_IMAGES = YES;
				CURRENT_PROJECT_VERSION = 1;
				DEAD_CODE_STRIPPING = YES;
				DEFINES_MODULE = YES;
				DEVELOPMENT_TEAM = 3285BMFMRD;
				DYLIB_COMPATIBILITY_VERSION = 1;
				DYLIB_CURRENT_VERSION = 1;
				DYLIB_INSTALL_NAME_BASE = "@rpath";
				GENERATE_INFOPLIST_FILE = YES;
				INFOPLIST_KEY_NSHumanReadableCopyright = "";
				INSTALL_PATH = "$(LOCAL_LIBRARY_DIR)/Frameworks";
				LD_RUNPATH_SEARCH_PATHS = (
					"$(inherited)",
					"@executable_path/../Frameworks",
					"@loader_path/Frameworks",
				);
				MARKETING_VERSION = 1.0;
				PRODUCT_BUNDLE_IDENTIFIER = com.artemekimov.AEFeed;
				PRODUCT_NAME = "$(TARGET_NAME:c99extidentifier)";
				SKIP_INSTALL = YES;
				SUPPORTED_PLATFORMS = "macosx iphonesimulator iphoneos";
				SWIFT_EMIT_LOC_STRINGS = YES;
				SWIFT_OPTIMIZATION_LEVEL = "-Onone";
				SWIFT_VERSION = 5.0;
			};
			name = Debug;
		};
		FFB4D407290D87CF00FC6F96 /* Release */ = {
			isa = XCBuildConfiguration;
			buildSettings = {
				CLANG_ENABLE_MODULES = YES;
				CODE_SIGN_STYLE = Automatic;
				COMBINE_HIDPI_IMAGES = YES;
				CURRENT_PROJECT_VERSION = 1;
				DEAD_CODE_STRIPPING = YES;
				DEFINES_MODULE = YES;
				DEVELOPMENT_TEAM = 3285BMFMRD;
				DYLIB_COMPATIBILITY_VERSION = 1;
				DYLIB_CURRENT_VERSION = 1;
				DYLIB_INSTALL_NAME_BASE = "@rpath";
				GENERATE_INFOPLIST_FILE = YES;
				INFOPLIST_KEY_NSHumanReadableCopyright = "";
				INSTALL_PATH = "$(LOCAL_LIBRARY_DIR)/Frameworks";
				LD_RUNPATH_SEARCH_PATHS = (
					"$(inherited)",
					"@executable_path/../Frameworks",
					"@loader_path/Frameworks",
				);
				MARKETING_VERSION = 1.0;
				PRODUCT_BUNDLE_IDENTIFIER = com.artemekimov.AEFeed;
				PRODUCT_NAME = "$(TARGET_NAME:c99extidentifier)";
				SKIP_INSTALL = YES;
				SUPPORTED_PLATFORMS = "macosx iphonesimulator iphoneos";
				SWIFT_EMIT_LOC_STRINGS = YES;
				SWIFT_VERSION = 5.0;
			};
			name = Release;
		};
		FFB4D409290D87CF00FC6F96 /* Debug */ = {
			isa = XCBuildConfiguration;
			buildSettings = {
				ALWAYS_EMBED_SWIFT_STANDARD_LIBRARIES = YES;
				CODE_SIGN_STYLE = Automatic;
				CURRENT_PROJECT_VERSION = 1;
				DEAD_CODE_STRIPPING = YES;
				DEVELOPMENT_TEAM = 3285BMFMRD;
				GENERATE_INFOPLIST_FILE = YES;
				MARKETING_VERSION = 1.0;
				PRODUCT_BUNDLE_IDENTIFIER = com.artemekimov.AEFeedTests;
				PRODUCT_NAME = "$(TARGET_NAME)";
				SUPPORTED_PLATFORMS = "macosx iphonesimulator iphoneos";
				SWIFT_EMIT_LOC_STRINGS = NO;
				SWIFT_VERSION = 5.0;
			};
			name = Debug;
		};
		FFB4D40A290D87CF00FC6F96 /* Release */ = {
			isa = XCBuildConfiguration;
			buildSettings = {
				ALWAYS_EMBED_SWIFT_STANDARD_LIBRARIES = YES;
				CODE_SIGN_STYLE = Automatic;
				CURRENT_PROJECT_VERSION = 1;
				DEAD_CODE_STRIPPING = YES;
				DEVELOPMENT_TEAM = 3285BMFMRD;
				GENERATE_INFOPLIST_FILE = YES;
				MARKETING_VERSION = 1.0;
				PRODUCT_BUNDLE_IDENTIFIER = com.artemekimov.AEFeedTests;
				PRODUCT_NAME = "$(TARGET_NAME)";
				SUPPORTED_PLATFORMS = "macosx iphonesimulator iphoneos";
				SWIFT_EMIT_LOC_STRINGS = NO;
				SWIFT_VERSION = 5.0;
			};
			name = Release;
		};
/* End XCBuildConfiguration section */

/* Begin XCConfigurationList section */
		FF025560297A497E000CA0E9 /* Build configuration list for PBXNativeTarget "AEFeediOS" */ = {
			isa = XCConfigurationList;
			buildConfigurations = (
				FF025561297A497E000CA0E9 /* Debug */,
				FF025562297A497E000CA0E9 /* Release */,
			);
			defaultConfigurationIsVisible = 0;
			defaultConfigurationName = Release;
		};
		FF025563297A497E000CA0E9 /* Build configuration list for PBXNativeTarget "AEFeediOSTests" */ = {
			isa = XCConfigurationList;
			buildConfigurations = (
				FF025564297A497E000CA0E9 /* Debug */,
				FF025565297A497E000CA0E9 /* Release */,
			);
			defaultConfigurationIsVisible = 0;
			defaultConfigurationName = Release;
		};
		FF2AB6CC29785D7A00A659BE /* Build configuration list for PBXNativeTarget "AEFeedCacheIntegrationTests" */ = {
			isa = XCConfigurationList;
			buildConfigurations = (
				FF2AB6CD29785D7A00A659BE /* Debug */,
				FF2AB6CE29785D7A00A659BE /* Release */,
			);
			defaultConfigurationIsVisible = 0;
			defaultConfigurationName = Release;
		};
		FFAE5F9C2910200100D78CF8 /* Build configuration list for PBXNativeTarget "AEFeedAPIEndToEndTest" */ = {
			isa = XCConfigurationList;
			buildConfigurations = (
				FFAE5F9D2910200100D78CF8 /* Debug */,
				FFAE5F9E2910200100D78CF8 /* Release */,
			);
			defaultConfigurationIsVisible = 0;
			defaultConfigurationName = Release;
		};
		FFB4D3ED290D87CF00FC6F96 /* Build configuration list for PBXProject "AEFeed" */ = {
			isa = XCConfigurationList;
			buildConfigurations = (
				FFB4D403290D87CF00FC6F96 /* Debug */,
				FFB4D404290D87CF00FC6F96 /* Release */,
			);
			defaultConfigurationIsVisible = 0;
			defaultConfigurationName = Release;
		};
		FFB4D405290D87CF00FC6F96 /* Build configuration list for PBXNativeTarget "AEFeed" */ = {
			isa = XCConfigurationList;
			buildConfigurations = (
				FFB4D406290D87CF00FC6F96 /* Debug */,
				FFB4D407290D87CF00FC6F96 /* Release */,
			);
			defaultConfigurationIsVisible = 0;
			defaultConfigurationName = Release;
		};
		FFB4D408290D87CF00FC6F96 /* Build configuration list for PBXNativeTarget "AEFeedTests" */ = {
			isa = XCConfigurationList;
			buildConfigurations = (
				FFB4D409290D87CF00FC6F96 /* Debug */,
				FFB4D40A290D87CF00FC6F96 /* Release */,
			);
			defaultConfigurationIsVisible = 0;
			defaultConfigurationName = Release;
		};
/* End XCConfigurationList section */

/* Begin XCVersionGroup section */
		FFE3D7382976CF210046B611 /* FeedStore.xcdatamodeld */ = {
			isa = XCVersionGroup;
			children = (
				FFE3D7392976CF210046B611 /* FeedStore.xcdatamodel */,
			);
			currentVersion = FFE3D7392976CF210046B611 /* FeedStore.xcdatamodel */;
			path = FeedStore.xcdatamodeld;
			sourceTree = "<group>";
			versionGroupType = wrapper.xcdatamodel;
		};
/* End XCVersionGroup section */
	};
	rootObject = FFB4D3EA290D87CF00FC6F96 /* Project object */;
}
