// !$*UTF8*$!
{
	archiveVersion = 1;
	classes = {
	};
	objectVersion = 55;
	objects = {

/* Begin PBXBuildFile section */
		FF1EB9AF297420D200CA9321 /* ValidateFeedCacheUseCaseTests.swift in Sources */ = {isa = PBXBuildFile; fileRef = FF1EB9AE297420D200CA9321 /* ValidateFeedCacheUseCaseTests.swift */; };
		FF1EB9B1297424BD00CA9321 /* FeedCacheTestHelpers.swift in Sources */ = {isa = PBXBuildFile; fileRef = FF1EB9B0297424BD00CA9321 /* FeedCacheTestHelpers.swift */; };
		FF1EB9B3297507F200CA9321 /* FeedCachePolicy.swift in Sources */ = {isa = PBXBuildFile; fileRef = FF1EB9B2297507F200CA9321 /* FeedCachePolicy.swift */; };
		FF2A0652290E35550085559D /* FeedLoader.swift in Sources */ = {isa = PBXBuildFile; fileRef = FF2A0651290E35550085559D /* FeedLoader.swift */; };
		FF2A0655290E383B0085559D /* LoadFeedFromRemoteUseCaseTests.swift in Sources */ = {isa = PBXBuildFile; fileRef = FF2A0654290E383B0085559D /* LoadFeedFromRemoteUseCaseTests.swift */; };
		FF2AB6AD2976D57E00A659BE /* FeedStoreSpecs.swift in Sources */ = {isa = PBXBuildFile; fileRef = FF2AB6AC2976D57E00A659BE /* FeedStoreSpecs.swift */; };
		FF2AB6AF2976D6D600A659BE /* XCTestCase+FeedStoreSpecs.swift in Sources */ = {isa = PBXBuildFile; fileRef = FF2AB6AE2976D6D600A659BE /* XCTestCase+FeedStoreSpecs.swift */; };
		FF2AB6BE29785C7000A659BE /* ManagedCache.swift in Sources */ = {isa = PBXBuildFile; fileRef = FF2AB6BD29785C7000A659BE /* ManagedCache.swift */; };
		FF2AB6C029785C8100A659BE /* ManagedFeedImage.swift in Sources */ = {isa = PBXBuildFile; fileRef = FF2AB6BF29785C8100A659BE /* ManagedFeedImage.swift */; };
		FF2AB6C829785D7A00A659BE /* AEFeedCacheIntegrationTests.swift in Sources */ = {isa = PBXBuildFile; fileRef = FF2AB6C729785D7A00A659BE /* AEFeedCacheIntegrationTests.swift */; };
		FF2AB6C929785D7A00A659BE /* AEFeed.framework in Frameworks */ = {isa = PBXBuildFile; fileRef = FFB4D3F3290D87CF00FC6F96 /* AEFeed.framework */; };
		FF2AB6CF29785F1100A659BE /* XCTestCase+MemoryLeakTracking.swift in Sources */ = {isa = PBXBuildFile; fileRef = FF78D4F1290E9B8400C4E37D /* XCTestCase+MemoryLeakTracking.swift */; };
		FF322A3C29741F22002B6EC1 /* CacheFeedUseCaseTests.swift in Sources */ = {isa = PBXBuildFile; fileRef = FFAE5FA32910D63400D78CF8 /* CacheFeedUseCaseTests.swift */; };
		FF417AFA2978607900C26F3A /* FeedCacheTestHelpers.swift in Sources */ = {isa = PBXBuildFile; fileRef = FF1EB9B0297424BD00CA9321 /* FeedCacheTestHelpers.swift */; };
		FF4FCE2C2914FC6A004DA00E /* LocalFeedLoader.swift in Sources */ = {isa = PBXBuildFile; fileRef = FF4FCE2B2914FC6A004DA00E /* LocalFeedLoader.swift */; };
		FF4FCE2E2914FD20004DA00E /* FeedStore.swift in Sources */ = {isa = PBXBuildFile; fileRef = FF4FCE2D2914FD20004DA00E /* FeedStore.swift */; };
		FF4FCE3029156FB7004DA00E /* LocalFeedImage.swift in Sources */ = {isa = PBXBuildFile; fileRef = FF4FCE2F29156FB7004DA00E /* LocalFeedImage.swift */; };
		FF4FCE3229156FC5004DA00E /* RemoteFeedItem.swift in Sources */ = {isa = PBXBuildFile; fileRef = FF4FCE3129156FC5004DA00E /* RemoteFeedItem.swift */; };
		FF4FCE3429157735004DA00E /* LoadFeedFromCacheUseCaseTests.swift in Sources */ = {isa = PBXBuildFile; fileRef = FF4FCE3329157735004DA00E /* LoadFeedFromCacheUseCaseTests.swift */; };
		FF4FCE3729161B97004DA00E /* FeedStoreSpy.swift in Sources */ = {isa = PBXBuildFile; fileRef = FF4FCE3629161B97004DA00E /* FeedStoreSpy.swift */; };
		FF62C4C0290ED5E700AD1D28 /* Helpers.swift in Sources */ = {isa = PBXBuildFile; fileRef = FF62C4BF290ED5E700AD1D28 /* Helpers.swift */; };
		FF78D4EB290E40B600C4E37D /* RemoteFeedLoader.swift in Sources */ = {isa = PBXBuildFile; fileRef = FF78D4EA290E40B600C4E37D /* RemoteFeedLoader.swift */; };
		FF78D4ED290E8E6B00C4E37D /* FeedItemsMapper.swift in Sources */ = {isa = PBXBuildFile; fileRef = FF78D4EC290E8E6B00C4E37D /* FeedItemsMapper.swift */; };
		FF78D4EF290E99A200C4E37D /* HTTPClient.swift in Sources */ = {isa = PBXBuildFile; fileRef = FF78D4EE290E99A200C4E37D /* HTTPClient.swift */; };
		FF78D4F3290E9DD400C4E37D /* XCTestCase+MemoryLeakTracking.swift in Sources */ = {isa = PBXBuildFile; fileRef = FF78D4F1290E9B8400C4E37D /* XCTestCase+MemoryLeakTracking.swift */; };
		FF78D4F6290ED26300C4E37D /* URLSessionHTTPClientTests.swift in Sources */ = {isa = PBXBuildFile; fileRef = FF78D4F5290ED26300C4E37D /* URLSessionHTTPClientTests.swift */; };
		FFAE5F90291017FC00D78CF8 /* URLSessionHTTPClient.swift in Sources */ = {isa = PBXBuildFile; fileRef = FFAE5F8F291017FC00D78CF8 /* URLSessionHTTPClient.swift */; };
		FFAE5F982910200100D78CF8 /* AEFeedAPIEndToEndTest.swift in Sources */ = {isa = PBXBuildFile; fileRef = FFAE5F972910200100D78CF8 /* AEFeedAPIEndToEndTest.swift */; };
		FFAE5F992910200100D78CF8 /* AEFeed.framework in Frameworks */ = {isa = PBXBuildFile; fileRef = FFB4D3F3290D87CF00FC6F96 /* AEFeed.framework */; };
		FFAE5FA12910325100D78CF8 /* XCTestCase+MemoryLeakTracking.swift in Sources */ = {isa = PBXBuildFile; fileRef = FF78D4F1290E9B8400C4E37D /* XCTestCase+MemoryLeakTracking.swift */; };
		FFB4D3FC290D87CF00FC6F96 /* AEFeed.framework in Frameworks */ = {isa = PBXBuildFile; fileRef = FFB4D3F3290D87CF00FC6F96 /* AEFeed.framework */; };
		FFB4D40C290D87DC00FC6F96 /* FeedImage.swift in Sources */ = {isa = PBXBuildFile; fileRef = FFB4D40B290D87DC00FC6F96 /* FeedImage.swift */; };
		FFE3D7352976CC190046B611 /* CoreDataFeedStoreTests.swift in Sources */ = {isa = PBXBuildFile; fileRef = FFE3D7342976CC190046B611 /* CoreDataFeedStoreTests.swift */; };
		FFE3D7372976CC810046B611 /* CoreDataFeedStore.swift in Sources */ = {isa = PBXBuildFile; fileRef = FFE3D7362976CC810046B611 /* CoreDataFeedStore.swift */; };
		FFE3D73A2976CF210046B611 /* FeedStore.xcdatamodeld in Sources */ = {isa = PBXBuildFile; fileRef = FFE3D7382976CF210046B611 /* FeedStore.xcdatamodeld */; };
/* End PBXBuildFile section */

/* Begin PBXContainerItemProxy section */
		FF2AB6CA29785D7A00A659BE /* PBXContainerItemProxy */ = {
			isa = PBXContainerItemProxy;
			containerPortal = FFB4D3EA290D87CF00FC6F96 /* Project object */;
			proxyType = 1;
			remoteGlobalIDString = FFB4D3F2290D87CF00FC6F96;
			remoteInfo = AEFeed;
		};
		FFAE5F9A2910200100D78CF8 /* PBXContainerItemProxy */ = {
			isa = PBXContainerItemProxy;
			containerPortal = FFB4D3EA290D87CF00FC6F96 /* Project object */;
			proxyType = 1;
			remoteGlobalIDString = FFB4D3F2290D87CF00FC6F96;
			remoteInfo = AEFeed;
		};
		FFB4D3FD290D87CF00FC6F96 /* PBXContainerItemProxy */ = {
			isa = PBXContainerItemProxy;
			containerPortal = FFB4D3EA290D87CF00FC6F96 /* Project object */;
			proxyType = 1;
			remoteGlobalIDString = FFB4D3F2290D87CF00FC6F96;
			remoteInfo = AEFeed;
		};
/* End PBXContainerItemProxy section */

/* Begin PBXFileReference section */
		FF1EB9AE297420D200CA9321 /* ValidateFeedCacheUseCaseTests.swift */ = {isa = PBXFileReference; lastKnownFileType = sourcecode.swift; path = ValidateFeedCacheUseCaseTests.swift; sourceTree = "<group>"; };
		FF1EB9B0297424BD00CA9321 /* FeedCacheTestHelpers.swift */ = {isa = PBXFileReference; lastKnownFileType = sourcecode.swift; path = FeedCacheTestHelpers.swift; sourceTree = "<group>"; };
		FF1EB9B2297507F200CA9321 /* FeedCachePolicy.swift */ = {isa = PBXFileReference; lastKnownFileType = sourcecode.swift; path = FeedCachePolicy.swift; sourceTree = "<group>"; };
		FF2A0651290E35550085559D /* FeedLoader.swift */ = {isa = PBXFileReference; lastKnownFileType = sourcecode.swift; path = FeedLoader.swift; sourceTree = "<group>"; };
		FF2A0654290E383B0085559D /* LoadFeedFromRemoteUseCaseTests.swift */ = {isa = PBXFileReference; lastKnownFileType = sourcecode.swift; path = LoadFeedFromRemoteUseCaseTests.swift; sourceTree = "<group>"; };
		FF2AB6AC2976D57E00A659BE /* FeedStoreSpecs.swift */ = {isa = PBXFileReference; lastKnownFileType = sourcecode.swift; path = FeedStoreSpecs.swift; sourceTree = "<group>"; };
		FF2AB6AE2976D6D600A659BE /* XCTestCase+FeedStoreSpecs.swift */ = {isa = PBXFileReference; lastKnownFileType = sourcecode.swift; path = "XCTestCase+FeedStoreSpecs.swift"; sourceTree = "<group>"; };
		FF2AB6BD29785C7000A659BE /* ManagedCache.swift */ = {isa = PBXFileReference; lastKnownFileType = sourcecode.swift; path = ManagedCache.swift; sourceTree = "<group>"; };
		FF2AB6BF29785C8100A659BE /* ManagedFeedImage.swift */ = {isa = PBXFileReference; lastKnownFileType = sourcecode.swift; path = ManagedFeedImage.swift; sourceTree = "<group>"; };
		FF2AB6C529785D7A00A659BE /* AEFeedCacheIntegrationTests.xctest */ = {isa = PBXFileReference; explicitFileType = wrapper.cfbundle; includeInIndex = 0; path = AEFeedCacheIntegrationTests.xctest; sourceTree = BUILT_PRODUCTS_DIR; };
		FF2AB6C729785D7A00A659BE /* AEFeedCacheIntegrationTests.swift */ = {isa = PBXFileReference; lastKnownFileType = sourcecode.swift; path = AEFeedCacheIntegrationTests.swift; sourceTree = "<group>"; };
		FF4FCE2B2914FC6A004DA00E /* LocalFeedLoader.swift */ = {isa = PBXFileReference; lastKnownFileType = sourcecode.swift; path = LocalFeedLoader.swift; sourceTree = "<group>"; };
		FF4FCE2D2914FD20004DA00E /* FeedStore.swift */ = {isa = PBXFileReference; lastKnownFileType = sourcecode.swift; path = FeedStore.swift; sourceTree = "<group>"; };
		FF4FCE2F29156FB7004DA00E /* LocalFeedImage.swift */ = {isa = PBXFileReference; lastKnownFileType = sourcecode.swift; path = LocalFeedImage.swift; sourceTree = "<group>"; };
		FF4FCE3129156FC5004DA00E /* RemoteFeedItem.swift */ = {isa = PBXFileReference; lastKnownFileType = sourcecode.swift; name = RemoteFeedItem.swift; path = "AEFeed/Feed Cache/RemoteFeedItem.swift"; sourceTree = SOURCE_ROOT; };
		FF4FCE3329157735004DA00E /* LoadFeedFromCacheUseCaseTests.swift */ = {isa = PBXFileReference; lastKnownFileType = sourcecode.swift; path = LoadFeedFromCacheUseCaseTests.swift; sourceTree = "<group>"; };
		FF4FCE3629161B97004DA00E /* FeedStoreSpy.swift */ = {isa = PBXFileReference; lastKnownFileType = sourcecode.swift; path = FeedStoreSpy.swift; sourceTree = "<group>"; };
		FF62C4BF290ED5E700AD1D28 /* Helpers.swift */ = {isa = PBXFileReference; lastKnownFileType = sourcecode.swift; path = Helpers.swift; sourceTree = "<group>"; };
		FF78D4EA290E40B600C4E37D /* RemoteFeedLoader.swift */ = {isa = PBXFileReference; lastKnownFileType = sourcecode.swift; path = RemoteFeedLoader.swift; sourceTree = "<group>"; };
		FF78D4EC290E8E6B00C4E37D /* FeedItemsMapper.swift */ = {isa = PBXFileReference; lastKnownFileType = sourcecode.swift; path = FeedItemsMapper.swift; sourceTree = "<group>"; };
		FF78D4EE290E99A200C4E37D /* HTTPClient.swift */ = {isa = PBXFileReference; lastKnownFileType = sourcecode.swift; path = HTTPClient.swift; sourceTree = "<group>"; };
		FF78D4F1290E9B8400C4E37D /* XCTestCase+MemoryLeakTracking.swift */ = {isa = PBXFileReference; lastKnownFileType = sourcecode.swift; path = "XCTestCase+MemoryLeakTracking.swift"; sourceTree = "<group>"; };
		FF78D4F5290ED26300C4E37D /* URLSessionHTTPClientTests.swift */ = {isa = PBXFileReference; lastKnownFileType = sourcecode.swift; path = URLSessionHTTPClientTests.swift; sourceTree = "<group>"; };
		FFAE5F8F291017FC00D78CF8 /* URLSessionHTTPClient.swift */ = {isa = PBXFileReference; lastKnownFileType = sourcecode.swift; path = URLSessionHTTPClient.swift; sourceTree = "<group>"; };
		FFAE5F952910200100D78CF8 /* AEFeedAPIEndToEndTest.xctest */ = {isa = PBXFileReference; explicitFileType = wrapper.cfbundle; includeInIndex = 0; path = AEFeedAPIEndToEndTest.xctest; sourceTree = BUILT_PRODUCTS_DIR; };
		FFAE5F972910200100D78CF8 /* AEFeedAPIEndToEndTest.swift */ = {isa = PBXFileReference; lastKnownFileType = sourcecode.swift; path = AEFeedAPIEndToEndTest.swift; sourceTree = "<group>"; };
		FFAE5FA32910D63400D78CF8 /* CacheFeedUseCaseTests.swift */ = {isa = PBXFileReference; lastKnownFileType = sourcecode.swift; path = CacheFeedUseCaseTests.swift; sourceTree = "<group>"; };
		FFB4D3F3290D87CF00FC6F96 /* AEFeed.framework */ = {isa = PBXFileReference; explicitFileType = wrapper.framework; includeInIndex = 0; path = AEFeed.framework; sourceTree = BUILT_PRODUCTS_DIR; };
		FFB4D3FB290D87CF00FC6F96 /* AEFeedTests.xctest */ = {isa = PBXFileReference; explicitFileType = wrapper.cfbundle; includeInIndex = 0; path = AEFeedTests.xctest; sourceTree = BUILT_PRODUCTS_DIR; };
		FFB4D40B290D87DC00FC6F96 /* FeedImage.swift */ = {isa = PBXFileReference; lastKnownFileType = sourcecode.swift; path = FeedImage.swift; sourceTree = "<group>"; };
		FFE3D7342976CC190046B611 /* CoreDataFeedStoreTests.swift */ = {isa = PBXFileReference; lastKnownFileType = sourcecode.swift; path = CoreDataFeedStoreTests.swift; sourceTree = "<group>"; };
		FFE3D7362976CC810046B611 /* CoreDataFeedStore.swift */ = {isa = PBXFileReference; lastKnownFileType = sourcecode.swift; path = CoreDataFeedStore.swift; sourceTree = "<group>"; };
		FFE3D7392976CF210046B611 /* FeedStore.xcdatamodel */ = {isa = PBXFileReference; lastKnownFileType = wrapper.xcdatamodel; path = FeedStore.xcdatamodel; sourceTree = "<group>"; };
/* End PBXFileReference section */

/* Begin PBXFrameworksBuildPhase section */
		FF2AB6C229785D7A00A659BE /* Frameworks */ = {
			isa = PBXFrameworksBuildPhase;
			buildActionMask = 2147483647;
			files = (
				FF2AB6C929785D7A00A659BE /* AEFeed.framework in Frameworks */,
			);
			runOnlyForDeploymentPostprocessing = 0;
		};
		FFAE5F922910200100D78CF8 /* Frameworks */ = {
			isa = PBXFrameworksBuildPhase;
			buildActionMask = 2147483647;
			files = (
				FFAE5F992910200100D78CF8 /* AEFeed.framework in Frameworks */,
			);
			runOnlyForDeploymentPostprocessing = 0;
		};
		FFB4D3F0290D87CF00FC6F96 /* Frameworks */ = {
			isa = PBXFrameworksBuildPhase;
			buildActionMask = 2147483647;
			files = (
			);
			runOnlyForDeploymentPostprocessing = 0;
		};
		FFB4D3F8290D87CF00FC6F96 /* Frameworks */ = {
			isa = PBXFrameworksBuildPhase;
			buildActionMask = 2147483647;
			files = (
				FFB4D3FC290D87CF00FC6F96 /* AEFeed.framework in Frameworks */,
			);
			runOnlyForDeploymentPostprocessing = 0;
		};
/* End PBXFrameworksBuildPhase section */

/* Begin PBXGroup section */
		FF2A0653290E37330085559D /* Feed Feature */ = {
			isa = PBXGroup;
			children = (
				FFB4D40B290D87DC00FC6F96 /* FeedImage.swift */,
				FF2A0651290E35550085559D /* FeedLoader.swift */,
			);
			path = "Feed Feature";
			sourceTree = "<group>";
		};
		FF2AB6BC29785C5100A659BE /* Infrastructure */ = {
			isa = PBXGroup;
			children = (
				FFE3D7362976CC810046B611 /* CoreDataFeedStore.swift */,
				FF2AB6BD29785C7000A659BE /* ManagedCache.swift */,
				FF2AB6BF29785C8100A659BE /* ManagedFeedImage.swift */,
				FFE3D7382976CF210046B611 /* FeedStore.xcdatamodeld */,
			);
			path = Infrastructure;
			sourceTree = "<group>";
		};
		FF2AB6C629785D7A00A659BE /* AEFeedCacheIntegrationTests */ = {
			isa = PBXGroup;
			children = (
				FF2AB6C729785D7A00A659BE /* AEFeedCacheIntegrationTests.swift */,
			);
			path = AEFeedCacheIntegrationTests;
			sourceTree = "<group>";
		};
		FF4FCE2A2914FC59004DA00E /* Feed Cache */ = {
			isa = PBXGroup;
			children = (
				FF2AB6BC29785C5100A659BE /* Infrastructure */,
				FF4FCE2D2914FD20004DA00E /* FeedStore.swift */,
				FF4FCE2B2914FC6A004DA00E /* LocalFeedLoader.swift */,
				FF4FCE2F29156FB7004DA00E /* LocalFeedImage.swift */,
				FF1EB9B2297507F200CA9321 /* FeedCachePolicy.swift */,
			);
			path = "Feed Cache";
			sourceTree = "<group>";
		};
		FF4FCE3529161B87004DA00E /* Helpers */ = {
			isa = PBXGroup;
			children = (
				FF4FCE3629161B97004DA00E /* FeedStoreSpy.swift */,
				FF1EB9B0297424BD00CA9321 /* FeedCacheTestHelpers.swift */,
			);
			path = Helpers;
			sourceTree = "<group>";
		};
		FF78D4E9290E40A600C4E37D /* Feed API */ = {
			isa = PBXGroup;
			children = (
				FF78D4EA290E40B600C4E37D /* RemoteFeedLoader.swift */,
				FF78D4EC290E8E6B00C4E37D /* FeedItemsMapper.swift */,
				FF78D4EE290E99A200C4E37D /* HTTPClient.swift */,
				FFAE5F8F291017FC00D78CF8 /* URLSessionHTTPClient.swift */,
				FF4FCE3129156FC5004DA00E /* RemoteFeedItem.swift */,
			);
			path = "Feed API";
			sourceTree = "<group>";
		};
		FF78D4F0290E9B6D00C4E37D /* Helpers */ = {
			isa = PBXGroup;
			children = (
				FF62C4BF290ED5E700AD1D28 /* Helpers.swift */,
				FF78D4F1290E9B8400C4E37D /* XCTestCase+MemoryLeakTracking.swift */,
			);
			path = Helpers;
			sourceTree = "<group>";
		};
		FF78D4F4290EA0F500C4E37D /* Feed API */ = {
			isa = PBXGroup;
			children = (
				FF2A0654290E383B0085559D /* LoadFeedFromRemoteUseCaseTests.swift */,
				FF78D4F5290ED26300C4E37D /* URLSessionHTTPClientTests.swift */,
			);
			path = "Feed API";
			sourceTree = "<group>";
		};
		FFAE5F962910200100D78CF8 /* AEFeedAPIEndToEndTest */ = {
			isa = PBXGroup;
			children = (
				FFAE5F972910200100D78CF8 /* AEFeedAPIEndToEndTest.swift */,
			);
			path = AEFeedAPIEndToEndTest;
			sourceTree = "<group>";
		};
		FFAE5FA22910D57600D78CF8 /* Feed Cache */ = {
			isa = PBXGroup;
			children = (
				FF4FCE3529161B87004DA00E /* Helpers */,
				FFAE5FA32910D63400D78CF8 /* CacheFeedUseCaseTests.swift */,
				FF4FCE3329157735004DA00E /* LoadFeedFromCacheUseCaseTests.swift */,
				FF1EB9AE297420D200CA9321 /* ValidateFeedCacheUseCaseTests.swift */,
				FFE3D7342976CC190046B611 /* CoreDataFeedStoreTests.swift */,
				FF2AB6AC2976D57E00A659BE /* FeedStoreSpecs.swift */,
				FF2AB6AE2976D6D600A659BE /* XCTestCase+FeedStoreSpecs.swift */,
			);
			path = "Feed Cache";
			sourceTree = "<group>";
		};
		FFB4D3E9290D87CF00FC6F96 = {
			isa = PBXGroup;
			children = (
				FFB4D3F5290D87CF00FC6F96 /* AEFeed */,
				FFB4D3FF290D87CF00FC6F96 /* AEFeedTests */,
				FFAE5F962910200100D78CF8 /* AEFeedAPIEndToEndTest */,
				FF2AB6C629785D7A00A659BE /* AEFeedCacheIntegrationTests */,
				FFB4D3F4290D87CF00FC6F96 /* Products */,
			);
			sourceTree = "<group>";
		};
		FFB4D3F4290D87CF00FC6F96 /* Products */ = {
			isa = PBXGroup;
			children = (
				FFB4D3F3290D87CF00FC6F96 /* AEFeed.framework */,
				FFB4D3FB290D87CF00FC6F96 /* AEFeedTests.xctest */,
				FFAE5F952910200100D78CF8 /* AEFeedAPIEndToEndTest.xctest */,
				FF2AB6C529785D7A00A659BE /* AEFeedCacheIntegrationTests.xctest */,
			);
			name = Products;
			sourceTree = "<group>";
		};
		FFB4D3F5290D87CF00FC6F96 /* AEFeed */ = {
			isa = PBXGroup;
			children = (
				FF2A0653290E37330085559D /* Feed Feature */,
				FF78D4E9290E40A600C4E37D /* Feed API */,
				FF4FCE2A2914FC59004DA00E /* Feed Cache */,
			);
			path = AEFeed;
			sourceTree = "<group>";
		};
		FFB4D3FF290D87CF00FC6F96 /* AEFeedTests */ = {
			isa = PBXGroup;
			children = (
				FF78D4F0290E9B6D00C4E37D /* Helpers */,
				FF78D4F4290EA0F500C4E37D /* Feed API */,
				FFAE5FA22910D57600D78CF8 /* Feed Cache */,
			);
			path = AEFeedTests;
			sourceTree = "<group>";
		};
/* End PBXGroup section */

/* Begin PBXHeadersBuildPhase section */
		FFB4D3EE290D87CF00FC6F96 /* Headers */ = {
			isa = PBXHeadersBuildPhase;
			buildActionMask = 2147483647;
			files = (
			);
			runOnlyForDeploymentPostprocessing = 0;
		};
/* End PBXHeadersBuildPhase section */

/* Begin PBXNativeTarget section */
		FF2AB6C429785D7A00A659BE /* AEFeedCacheIntegrationTests */ = {
			isa = PBXNativeTarget;
			buildConfigurationList = FF2AB6CC29785D7A00A659BE /* Build configuration list for PBXNativeTarget "AEFeedCacheIntegrationTests" */;
			buildPhases = (
				FF2AB6C129785D7A00A659BE /* Sources */,
				FF2AB6C229785D7A00A659BE /* Frameworks */,
				FF2AB6C329785D7A00A659BE /* Resources */,
			);
			buildRules = (
			);
			dependencies = (
				FF2AB6CB29785D7A00A659BE /* PBXTargetDependency */,
			);
			name = AEFeedCacheIntegrationTests;
			productName = AEFeedCacheIntegrationTests;
			productReference = FF2AB6C529785D7A00A659BE /* AEFeedCacheIntegrationTests.xctest */;
			productType = "com.apple.product-type.bundle.unit-test";
		};
		FFAE5F942910200100D78CF8 /* AEFeedAPIEndToEndTest */ = {
			isa = PBXNativeTarget;
			buildConfigurationList = FFAE5F9C2910200100D78CF8 /* Build configuration list for PBXNativeTarget "AEFeedAPIEndToEndTest" */;
			buildPhases = (
				FFAE5F912910200100D78CF8 /* Sources */,
				FFAE5F922910200100D78CF8 /* Frameworks */,
				FFAE5F932910200100D78CF8 /* Resources */,
			);
			buildRules = (
			);
			dependencies = (
				FFAE5F9B2910200100D78CF8 /* PBXTargetDependency */,
			);
			name = AEFeedAPIEndToEndTest;
			productName = AEFeedAPIEndToEndTest;
			productReference = FFAE5F952910200100D78CF8 /* AEFeedAPIEndToEndTest.xctest */;
			productType = "com.apple.product-type.bundle.unit-test";
		};
		FFB4D3F2290D87CF00FC6F96 /* AEFeed */ = {
			isa = PBXNativeTarget;
			buildConfigurationList = FFB4D405290D87CF00FC6F96 /* Build configuration list for PBXNativeTarget "AEFeed" */;
			buildPhases = (
				FFB4D3EE290D87CF00FC6F96 /* Headers */,
				FFB4D3EF290D87CF00FC6F96 /* Sources */,
				FFB4D3F0290D87CF00FC6F96 /* Frameworks */,
				FFB4D3F1290D87CF00FC6F96 /* Resources */,
			);
			buildRules = (
			);
			dependencies = (
			);
			name = AEFeed;
			productName = AEFeed;
			productReference = FFB4D3F3290D87CF00FC6F96 /* AEFeed.framework */;
			productType = "com.apple.product-type.framework";
		};
		FFB4D3FA290D87CF00FC6F96 /* AEFeedTests */ = {
			isa = PBXNativeTarget;
			buildConfigurationList = FFB4D408290D87CF00FC6F96 /* Build configuration list for PBXNativeTarget "AEFeedTests" */;
			buildPhases = (
				FFB4D3F7290D87CF00FC6F96 /* Sources */,
				FFB4D3F8290D87CF00FC6F96 /* Frameworks */,
				FFB4D3F9290D87CF00FC6F96 /* Resources */,
			);
			buildRules = (
			);
			dependencies = (
				FFB4D3FE290D87CF00FC6F96 /* PBXTargetDependency */,
			);
			name = AEFeedTests;
			productName = AEFeedTests;
			productReference = FFB4D3FB290D87CF00FC6F96 /* AEFeedTests.xctest */;
			productType = "com.apple.product-type.bundle.unit-test";
		};
/* End PBXNativeTarget section */

/* Begin PBXProject section */
		FFB4D3EA290D87CF00FC6F96 /* Project object */ = {
			isa = PBXProject;
			attributes = {
				BuildIndependentTargetsInParallel = 1;
				LastSwiftUpdateCheck = 1410;
				LastUpgradeCheck = 1410;
				TargetAttributes = {
					FF2AB6C429785D7A00A659BE = {
						CreatedOnToolsVersion = 14.1;
					};
					FFAE5F942910200100D78CF8 = {
						CreatedOnToolsVersion = 13.2.1;
					};
					FFB4D3F2290D87CF00FC6F96 = {
						CreatedOnToolsVersion = 13.2.1;
						LastSwiftMigration = 1320;
					};
					FFB4D3FA290D87CF00FC6F96 = {
						CreatedOnToolsVersion = 13.2.1;
					};
				};
			};
			buildConfigurationList = FFB4D3ED290D87CF00FC6F96 /* Build configuration list for PBXProject "AEFeed" */;
			compatibilityVersion = "Xcode 13.0";
			developmentRegion = en;
			hasScannedForEncodings = 0;
			knownRegions = (
				en,
				Base,
			);
			mainGroup = FFB4D3E9290D87CF00FC6F96;
			productRefGroup = FFB4D3F4290D87CF00FC6F96 /* Products */;
			projectDirPath = "";
			projectRoot = "";
			targets = (
				FFB4D3F2290D87CF00FC6F96 /* AEFeed */,
				FFB4D3FA290D87CF00FC6F96 /* AEFeedTests */,
				FFAE5F942910200100D78CF8 /* AEFeedAPIEndToEndTest */,
				FF2AB6C429785D7A00A659BE /* AEFeedCacheIntegrationTests */,
			);
		};
/* End PBXProject section */

/* Begin PBXResourcesBuildPhase section */
		FF2AB6C329785D7A00A659BE /* Resources */ = {
			isa = PBXResourcesBuildPhase;
			buildActionMask = 2147483647;
			files = (
			);
			runOnlyForDeploymentPostprocessing = 0;
		};
		FFAE5F932910200100D78CF8 /* Resources */ = {
			isa = PBXResourcesBuildPhase;
			buildActionMask = 2147483647;
			files = (
			);
			runOnlyForDeploymentPostprocessing = 0;
		};
		FFB4D3F1290D87CF00FC6F96 /* Resources */ = {
			isa = PBXResourcesBuildPhase;
			buildActionMask = 2147483647;
			files = (
			);
			runOnlyForDeploymentPostprocessing = 0;
		};
		FFB4D3F9290D87CF00FC6F96 /* Resources */ = {
			isa = PBXResourcesBuildPhase;
			buildActionMask = 2147483647;
			files = (
			);
			runOnlyForDeploymentPostprocessing = 0;
		};
/* End PBXResourcesBuildPhase section */

/* Begin PBXSourcesBuildPhase section */
		FF2AB6C129785D7A00A659BE /* Sources */ = {
			isa = PBXSourcesBuildPhase;
			buildActionMask = 2147483647;
			files = (
				FF2AB6C829785D7A00A659BE /* AEFeedCacheIntegrationTests.swift in Sources */,
				FF417AFA2978607900C26F3A /* FeedCacheTestHelpers.swift in Sources */,
				FF2AB6CF29785F1100A659BE /* XCTestCase+MemoryLeakTracking.swift in Sources */,
			);
			runOnlyForDeploymentPostprocessing = 0;
		};
		FFAE5F912910200100D78CF8 /* Sources */ = {
			isa = PBXSourcesBuildPhase;
			buildActionMask = 2147483647;
			files = (
				FFAE5F982910200100D78CF8 /* AEFeedAPIEndToEndTest.swift in Sources */,
				FFAE5FA12910325100D78CF8 /* XCTestCase+MemoryLeakTracking.swift in Sources */,
			);
			runOnlyForDeploymentPostprocessing = 0;
		};
		FFB4D3EF290D87CF00FC6F96 /* Sources */ = {
			isa = PBXSourcesBuildPhase;
			buildActionMask = 2147483647;
			files = (
				FF2AB6BE29785C7000A659BE /* ManagedCache.swift in Sources */,
				FF2A0652290E35550085559D /* FeedLoader.swift in Sources */,
				FF78D4EF290E99A200C4E37D /* HTTPClient.swift in Sources */,
				FF78D4EB290E40B600C4E37D /* RemoteFeedLoader.swift in Sources */,
				FF1EB9B3297507F200CA9321 /* FeedCachePolicy.swift in Sources */,
				FF2AB6C029785C8100A659BE /* ManagedFeedImage.swift in Sources */,
				FF4FCE2E2914FD20004DA00E /* FeedStore.swift in Sources */,
				FFE3D73A2976CF210046B611 /* FeedStore.xcdatamodeld in Sources */,
				FF4FCE3029156FB7004DA00E /* LocalFeedImage.swift in Sources */,
				FF4FCE2C2914FC6A004DA00E /* LocalFeedLoader.swift in Sources */,
				FF4FCE3229156FC5004DA00E /* RemoteFeedItem.swift in Sources */,
				FFB4D40C290D87DC00FC6F96 /* FeedImage.swift in Sources */,
				FF78D4ED290E8E6B00C4E37D /* FeedItemsMapper.swift in Sources */,
				FFAE5F90291017FC00D78CF8 /* URLSessionHTTPClient.swift in Sources */,
				FFE3D7372976CC810046B611 /* CoreDataFeedStore.swift in Sources */,
			);
			runOnlyForDeploymentPostprocessing = 0;
		};
		FFB4D3F7290D87CF00FC6F96 /* Sources */ = {
			isa = PBXSourcesBuildPhase;
			buildActionMask = 2147483647;
			files = (
				FF2AB6AF2976D6D600A659BE /* XCTestCase+FeedStoreSpecs.swift in Sources */,
				FFE3D7352976CC190046B611 /* CoreDataFeedStoreTests.swift in Sources */,
				FF2A0655290E383B0085559D /* LoadFeedFromRemoteUseCaseTests.swift in Sources */,
				FF78D4F6290ED26300C4E37D /* URLSessionHTTPClientTests.swift in Sources */,
				FF78D4F3290E9DD400C4E37D /* XCTestCase+MemoryLeakTracking.swift in Sources */,
				FF4FCE3729161B97004DA00E /* FeedStoreSpy.swift in Sources */,
				FF1EB9B1297424BD00CA9321 /* FeedCacheTestHelpers.swift in Sources */,
				FF1EB9AF297420D200CA9321 /* ValidateFeedCacheUseCaseTests.swift in Sources */,
				FF4FCE3429157735004DA00E /* LoadFeedFromCacheUseCaseTests.swift in Sources */,
				FF62C4C0290ED5E700AD1D28 /* Helpers.swift in Sources */,
				FF2AB6AD2976D57E00A659BE /* FeedStoreSpecs.swift in Sources */,
				FF322A3C29741F22002B6EC1 /* CacheFeedUseCaseTests.swift in Sources */,
			);
			runOnlyForDeploymentPostprocessing = 0;
		};
/* End PBXSourcesBuildPhase section */

/* Begin PBXTargetDependency section */
		FF2AB6CB29785D7A00A659BE /* PBXTargetDependency */ = {
			isa = PBXTargetDependency;
			target = FFB4D3F2290D87CF00FC6F96 /* AEFeed */;
			targetProxy = FF2AB6CA29785D7A00A659BE /* PBXContainerItemProxy */;
		};
		FFAE5F9B2910200100D78CF8 /* PBXTargetDependency */ = {
			isa = PBXTargetDependency;
			target = FFB4D3F2290D87CF00FC6F96 /* AEFeed */;
			targetProxy = FFAE5F9A2910200100D78CF8 /* PBXContainerItemProxy */;
		};
		FFB4D3FE290D87CF00FC6F96 /* PBXTargetDependency */ = {
			isa = PBXTargetDependency;
			target = FFB4D3F2290D87CF00FC6F96 /* AEFeed */;
			targetProxy = FFB4D3FD290D87CF00FC6F96 /* PBXContainerItemProxy */;
		};
/* End PBXTargetDependency section */

/* Begin XCBuildConfiguration section */
		FF2AB6CD29785D7A00A659BE /* Debug */ = {
			isa = XCBuildConfiguration;
			buildSettings = {
				CLANG_CXX_LANGUAGE_STANDARD = "gnu++20";
				CODE_SIGN_STYLE = Automatic;
				CURRENT_PROJECT_VERSION = 1;
				DEAD_CODE_STRIPPING = YES;
				DEVELOPMENT_TEAM = 3285BMFMRD;
				GENERATE_INFOPLIST_FILE = YES;
				MACOSX_DEPLOYMENT_TARGET = 13.0;
				MARKETING_VERSION = 1.0;
				PRODUCT_BUNDLE_IDENTIFIER = com.artemekimov.AEFeedCacheIntegrationTests;
				PRODUCT_NAME = "$(TARGET_NAME)";
				SUPPORTED_PLATFORMS = "macosx iphonesimulator iphoneos";
				SWIFT_EMIT_LOC_STRINGS = NO;
				SWIFT_VERSION = 5.0;
			};
			name = Debug;
		};
		FF2AB6CE29785D7A00A659BE /* Release */ = {
			isa = XCBuildConfiguration;
			buildSettings = {
				CLANG_CXX_LANGUAGE_STANDARD = "gnu++20";
				CODE_SIGN_STYLE = Automatic;
				CURRENT_PROJECT_VERSION = 1;
				DEAD_CODE_STRIPPING = YES;
				DEVELOPMENT_TEAM = 3285BMFMRD;
				GENERATE_INFOPLIST_FILE = YES;
				MACOSX_DEPLOYMENT_TARGET = 13.0;
				MARKETING_VERSION = 1.0;
				PRODUCT_BUNDLE_IDENTIFIER = com.artemekimov.AEFeedCacheIntegrationTests;
				PRODUCT_NAME = "$(TARGET_NAME)";
				SUPPORTED_PLATFORMS = "macosx iphonesimulator iphoneos";
				SWIFT_EMIT_LOC_STRINGS = NO;
				SWIFT_VERSION = 5.0;
			};
			name = Release;
		};
		FFAE5F9D2910200100D78CF8 /* Debug */ = {
			isa = XCBuildConfiguration;
			buildSettings = {
				CODE_SIGN_STYLE = Automatic;
				CURRENT_PROJECT_VERSION = 1;
				DEAD_CODE_STRIPPING = YES;
				DEVELOPMENT_TEAM = 3285BMFMRD;
				GENERATE_INFOPLIST_FILE = YES;
				MARKETING_VERSION = 1.0;
				PRODUCT_BUNDLE_IDENTIFIER = com.artemekimov.AEFeedAPIEndToEndTest;
				PRODUCT_NAME = "$(TARGET_NAME)";
				SUPPORTED_PLATFORMS = "macosx iphonesimulator iphoneos";
				SWIFT_EMIT_LOC_STRINGS = NO;
				SWIFT_VERSION = 5.0;
			};
			name = Debug;
		};
		FFAE5F9E2910200100D78CF8 /* Release */ = {
			isa = XCBuildConfiguration;
			buildSettings = {
				CODE_SIGN_STYLE = Automatic;
				CURRENT_PROJECT_VERSION = 1;
				DEAD_CODE_STRIPPING = YES;
				DEVELOPMENT_TEAM = 3285BMFMRD;
				GENERATE_INFOPLIST_FILE = YES;
				MARKETING_VERSION = 1.0;
				PRODUCT_BUNDLE_IDENTIFIER = com.artemekimov.AEFeedAPIEndToEndTest;
				PRODUCT_NAME = "$(TARGET_NAME)";
				SUPPORTED_PLATFORMS = "macosx iphonesimulator iphoneos";
				SWIFT_EMIT_LOC_STRINGS = NO;
				SWIFT_VERSION = 5.0;
			};
			name = Release;
		};
		FFB4D403290D87CF00FC6F96 /* Debug */ = {
			isa = XCBuildConfiguration;
			buildSettings = {
				ALWAYS_SEARCH_USER_PATHS = NO;
				CLANG_ANALYZER_NONNULL = YES;
				CLANG_ANALYZER_NUMBER_OBJECT_CONVERSION = YES_AGGRESSIVE;
				CLANG_CXX_LANGUAGE_STANDARD = "gnu++17";
				CLANG_CXX_LIBRARY = "libc++";
				CLANG_ENABLE_MODULES = YES;
				CLANG_ENABLE_OBJC_ARC = YES;
				CLANG_ENABLE_OBJC_WEAK = YES;
				CLANG_WARN_BLOCK_CAPTURE_AUTORELEASING = YES;
				CLANG_WARN_BOOL_CONVERSION = YES;
				CLANG_WARN_COMMA = YES;
				CLANG_WARN_CONSTANT_CONVERSION = YES;
				CLANG_WARN_DEPRECATED_OBJC_IMPLEMENTATIONS = YES;
				CLANG_WARN_DIRECT_OBJC_ISA_USAGE = YES_ERROR;
				CLANG_WARN_DOCUMENTATION_COMMENTS = YES;
				CLANG_WARN_EMPTY_BODY = YES;
				CLANG_WARN_ENUM_CONVERSION = YES;
				CLANG_WARN_INFINITE_RECURSION = YES;
				CLANG_WARN_INT_CONVERSION = YES;
				CLANG_WARN_NON_LITERAL_NULL_CONVERSION = YES;
				CLANG_WARN_OBJC_IMPLICIT_RETAIN_SELF = YES;
				CLANG_WARN_OBJC_LITERAL_CONVERSION = YES;
				CLANG_WARN_OBJC_ROOT_CLASS = YES_ERROR;
				CLANG_WARN_QUOTED_INCLUDE_IN_FRAMEWORK_HEADER = YES;
				CLANG_WARN_RANGE_LOOP_ANALYSIS = YES;
				CLANG_WARN_STRICT_PROTOTYPES = YES;
				CLANG_WARN_SUSPICIOUS_MOVE = YES;
				CLANG_WARN_UNGUARDED_AVAILABILITY = YES_AGGRESSIVE;
				CLANG_WARN_UNREACHABLE_CODE = YES;
				CLANG_WARN__DUPLICATE_METHOD_MATCH = YES;
				COPY_PHASE_STRIP = NO;
				CURRENT_PROJECT_VERSION = 1;
				DEAD_CODE_STRIPPING = YES;
				DEBUG_INFORMATION_FORMAT = dwarf;
				ENABLE_STRICT_OBJC_MSGSEND = YES;
				ENABLE_TESTABILITY = YES;
				GCC_C_LANGUAGE_STANDARD = gnu11;
				GCC_DYNAMIC_NO_PIC = NO;
				GCC_NO_COMMON_BLOCKS = YES;
				GCC_OPTIMIZATION_LEVEL = 0;
				GCC_PREPROCESSOR_DEFINITIONS = (
					"DEBUG=1",
					"$(inherited)",
				);
				GCC_WARN_64_TO_32_BIT_CONVERSION = YES;
				GCC_WARN_ABOUT_RETURN_TYPE = YES_ERROR;
				GCC_WARN_UNDECLARED_SELECTOR = YES;
				GCC_WARN_UNINITIALIZED_AUTOS = YES_AGGRESSIVE;
				GCC_WARN_UNUSED_FUNCTION = YES;
				GCC_WARN_UNUSED_VARIABLE = YES;
				MACOSX_DEPLOYMENT_TARGET = 11.4;
				MTL_ENABLE_DEBUG_INFO = INCLUDE_SOURCE;
				MTL_FAST_MATH = YES;
				ONLY_ACTIVE_ARCH = YES;
				SDKROOT = macosx;
				SWIFT_ACTIVE_COMPILATION_CONDITIONS = DEBUG;
				SWIFT_OPTIMIZATION_LEVEL = "-Onone";
				VERSIONING_SYSTEM = "apple-generic";
				VERSION_INFO_PREFIX = "";
			};
			name = Debug;
		};
		FFB4D404290D87CF00FC6F96 /* Release */ = {
			isa = XCBuildConfiguration;
			buildSettings = {
				ALWAYS_SEARCH_USER_PATHS = NO;
				CLANG_ANALYZER_NONNULL = YES;
				CLANG_ANALYZER_NUMBER_OBJECT_CONVERSION = YES_AGGRESSIVE;
				CLANG_CXX_LANGUAGE_STANDARD = "gnu++17";
				CLANG_CXX_LIBRARY = "libc++";
				CLANG_ENABLE_MODULES = YES;
				CLANG_ENABLE_OBJC_ARC = YES;
				CLANG_ENABLE_OBJC_WEAK = YES;
				CLANG_WARN_BLOCK_CAPTURE_AUTORELEASING = YES;
				CLANG_WARN_BOOL_CONVERSION = YES;
				CLANG_WARN_COMMA = YES;
				CLANG_WARN_CONSTANT_CONVERSION = YES;
				CLANG_WARN_DEPRECATED_OBJC_IMPLEMENTATIONS = YES;
				CLANG_WARN_DIRECT_OBJC_ISA_USAGE = YES_ERROR;
				CLANG_WARN_DOCUMENTATION_COMMENTS = YES;
				CLANG_WARN_EMPTY_BODY = YES;
				CLANG_WARN_ENUM_CONVERSION = YES;
				CLANG_WARN_INFINITE_RECURSION = YES;
				CLANG_WARN_INT_CONVERSION = YES;
				CLANG_WARN_NON_LITERAL_NULL_CONVERSION = YES;
				CLANG_WARN_OBJC_IMPLICIT_RETAIN_SELF = YES;
				CLANG_WARN_OBJC_LITERAL_CONVERSION = YES;
				CLANG_WARN_OBJC_ROOT_CLASS = YES_ERROR;
				CLANG_WARN_QUOTED_INCLUDE_IN_FRAMEWORK_HEADER = YES;
				CLANG_WARN_RANGE_LOOP_ANALYSIS = YES;
				CLANG_WARN_STRICT_PROTOTYPES = YES;
				CLANG_WARN_SUSPICIOUS_MOVE = YES;
				CLANG_WARN_UNGUARDED_AVAILABILITY = YES_AGGRESSIVE;
				CLANG_WARN_UNREACHABLE_CODE = YES;
				CLANG_WARN__DUPLICATE_METHOD_MATCH = YES;
				COPY_PHASE_STRIP = NO;
				CURRENT_PROJECT_VERSION = 1;
				DEAD_CODE_STRIPPING = YES;
				DEBUG_INFORMATION_FORMAT = "dwarf-with-dsym";
				ENABLE_NS_ASSERTIONS = NO;
				ENABLE_STRICT_OBJC_MSGSEND = YES;
				GCC_C_LANGUAGE_STANDARD = gnu11;
				GCC_NO_COMMON_BLOCKS = YES;
				GCC_WARN_64_TO_32_BIT_CONVERSION = YES;
				GCC_WARN_ABOUT_RETURN_TYPE = YES_ERROR;
				GCC_WARN_UNDECLARED_SELECTOR = YES;
				GCC_WARN_UNINITIALIZED_AUTOS = YES_AGGRESSIVE;
				GCC_WARN_UNUSED_FUNCTION = YES;
				GCC_WARN_UNUSED_VARIABLE = YES;
				MACOSX_DEPLOYMENT_TARGET = 11.4;
				MTL_ENABLE_DEBUG_INFO = NO;
				MTL_FAST_MATH = YES;
				SDKROOT = macosx;
				SWIFT_COMPILATION_MODE = wholemodule;
				SWIFT_OPTIMIZATION_LEVEL = "-O";
				VERSIONING_SYSTEM = "apple-generic";
				VERSION_INFO_PREFIX = "";
			};
			name = Release;
		};
		FFB4D406290D87CF00FC6F96 /* Debug */ = {
			isa = XCBuildConfiguration;
			buildSettings = {
				CLANG_ENABLE_MODULES = YES;
				CODE_SIGN_STYLE = Automatic;
				COMBINE_HIDPI_IMAGES = YES;
				CURRENT_PROJECT_VERSION = 1;
				DEAD_CODE_STRIPPING = YES;
				DEFINES_MODULE = YES;
				DEVELOPMENT_TEAM = 3285BMFMRD;
				DYLIB_COMPATIBILITY_VERSION = 1;
				DYLIB_CURRENT_VERSION = 1;
				DYLIB_INSTALL_NAME_BASE = "@rpath";
				GENERATE_INFOPLIST_FILE = YES;
				INFOPLIST_KEY_NSHumanReadableCopyright = "";
				INSTALL_PATH = "$(LOCAL_LIBRARY_DIR)/Frameworks";
				LD_RUNPATH_SEARCH_PATHS = (
					"$(inherited)",
					"@executable_path/../Frameworks",
					"@loader_path/Frameworks",
				);
				MARKETING_VERSION = 1.0;
				PRODUCT_BUNDLE_IDENTIFIER = com.artemekimov.AEFeed;
				PRODUCT_NAME = "$(TARGET_NAME:c99extidentifier)";
				SKIP_INSTALL = YES;
				SUPPORTED_PLATFORMS = "macosx iphonesimulator iphoneos";
				SWIFT_EMIT_LOC_STRINGS = YES;
				SWIFT_OPTIMIZATION_LEVEL = "-Onone";
				SWIFT_VERSION = 5.0;
			};
			name = Debug;
		};
		FFB4D407290D87CF00FC6F96 /* Release */ = {
			isa = XCBuildConfiguration;
			buildSettings = {
				CLANG_ENABLE_MODULES = YES;
				CODE_SIGN_STYLE = Automatic;
				COMBINE_HIDPI_IMAGES = YES;
				CURRENT_PROJECT_VERSION = 1;
				DEAD_CODE_STRIPPING = YES;
				DEFINES_MODULE = YES;
				DEVELOPMENT_TEAM = 3285BMFMRD;
				DYLIB_COMPATIBILITY_VERSION = 1;
				DYLIB_CURRENT_VERSION = 1;
				DYLIB_INSTALL_NAME_BASE = "@rpath";
				GENERATE_INFOPLIST_FILE = YES;
				INFOPLIST_KEY_NSHumanReadableCopyright = "";
				INSTALL_PATH = "$(LOCAL_LIBRARY_DIR)/Frameworks";
				LD_RUNPATH_SEARCH_PATHS = (
					"$(inherited)",
					"@executable_path/../Frameworks",
					"@loader_path/Frameworks",
				);
				MARKETING_VERSION = 1.0;
				PRODUCT_BUNDLE_IDENTIFIER = com.artemekimov.AEFeed;
				PRODUCT_NAME = "$(TARGET_NAME:c99extidentifier)";
				SKIP_INSTALL = YES;
				SUPPORTED_PLATFORMS = "macosx iphonesimulator iphoneos";
				SWIFT_EMIT_LOC_STRINGS = YES;
				SWIFT_VERSION = 5.0;
			};
			name = Release;
		};
		FFB4D409290D87CF00FC6F96 /* Debug */ = {
			isa = XCBuildConfiguration;
			buildSettings = {
				ALWAYS_EMBED_SWIFT_STANDARD_LIBRARIES = YES;
				CODE_SIGN_STYLE = Automatic;
				CURRENT_PROJECT_VERSION = 1;
				DEAD_CODE_STRIPPING = YES;
				DEVELOPMENT_TEAM = 3285BMFMRD;
				GENERATE_INFOPLIST_FILE = YES;
				MARKETING_VERSION = 1.0;
				PRODUCT_BUNDLE_IDENTIFIER = com.artemekimov.AEFeedTests;
				PRODUCT_NAME = "$(TARGET_NAME)";
				SUPPORTED_PLATFORMS = "macosx iphonesimulator iphoneos";
				SWIFT_EMIT_LOC_STRINGS = NO;
				SWIFT_VERSION = 5.0;
			};
			name = Debug;
		};
		FFB4D40A290D87CF00FC6F96 /* Release */ = {
			isa = XCBuildConfiguration;
			buildSettings = {
				ALWAYS_EMBED_SWIFT_STANDARD_LIBRARIES = YES;
				CODE_SIGN_STYLE = Automatic;
				CURRENT_PROJECT_VERSION = 1;
				DEAD_CODE_STRIPPING = YES;
				DEVELOPMENT_TEAM = 3285BMFMRD;
				GENERATE_INFOPLIST_FILE = YES;
				MARKETING_VERSION = 1.0;
				PRODUCT_BUNDLE_IDENTIFIER = com.artemekimov.AEFeedTests;
				PRODUCT_NAME = "$(TARGET_NAME)";
				SUPPORTED_PLATFORMS = "macosx iphonesimulator iphoneos";
				SWIFT_EMIT_LOC_STRINGS = NO;
				SWIFT_VERSION = 5.0;
			};
			name = Release;
		};
/* End XCBuildConfiguration section */

/* Begin XCConfigurationList section */
		FF2AB6CC29785D7A00A659BE /* Build configuration list for PBXNativeTarget "AEFeedCacheIntegrationTests" */ = {
			isa = XCConfigurationList;
			buildConfigurations = (
				FF2AB6CD29785D7A00A659BE /* Debug */,
				FF2AB6CE29785D7A00A659BE /* Release */,
			);
			defaultConfigurationIsVisible = 0;
			defaultConfigurationName = Release;
		};
		FFAE5F9C2910200100D78CF8 /* Build configuration list for PBXNativeTarget "AEFeedAPIEndToEndTest" */ = {
			isa = XCConfigurationList;
			buildConfigurations = (
				FFAE5F9D2910200100D78CF8 /* Debug */,
				FFAE5F9E2910200100D78CF8 /* Release */,
			);
			defaultConfigurationIsVisible = 0;
			defaultConfigurationName = Release;
		};
		FFB4D3ED290D87CF00FC6F96 /* Build configuration list for PBXProject "AEFeed" */ = {
			isa = XCConfigurationList;
			buildConfigurations = (
				FFB4D403290D87CF00FC6F96 /* Debug */,
				FFB4D404290D87CF00FC6F96 /* Release */,
			);
			defaultConfigurationIsVisible = 0;
			defaultConfigurationName = Release;
		};
		FFB4D405290D87CF00FC6F96 /* Build configuration list for PBXNativeTarget "AEFeed" */ = {
			isa = XCConfigurationList;
			buildConfigurations = (
				FFB4D406290D87CF00FC6F96 /* Debug */,
				FFB4D407290D87CF00FC6F96 /* Release */,
			);
			defaultConfigurationIsVisible = 0;
			defaultConfigurationName = Release;
		};
		FFB4D408290D87CF00FC6F96 /* Build configuration list for PBXNativeTarget "AEFeedTests" */ = {
			isa = XCConfigurationList;
			buildConfigurations = (
				FFB4D409290D87CF00FC6F96 /* Debug */,
				FFB4D40A290D87CF00FC6F96 /* Release */,
			);
			defaultConfigurationIsVisible = 0;
			defaultConfigurationName = Release;
		};
/* End XCConfigurationList section */

/* Begin XCVersionGroup section */
		FFE3D7382976CF210046B611 /* FeedStore.xcdatamodeld */ = {
			isa = XCVersionGroup;
			children = (
				FFE3D7392976CF210046B611 /* FeedStore.xcdatamodel */,
			);
			currentVersion = FFE3D7392976CF210046B611 /* FeedStore.xcdatamodel */;
			path = FeedStore.xcdatamodeld;
			sourceTree = "<group>";
			versionGroupType = wrapper.xcdatamodel;
		};
/* End XCVersionGroup section */
	};
	rootObject = FFB4D3EA290D87CF00FC6F96 /* Project object */;
}
